
Microsoft Visual Studio Solution File, Format Version 12.00
# Visual Studio 15
VisualStudioVersion = 15.0.28307.852
MinimumVisualStudioVersion = 10.0.40219.1
Project("{F184B08F-C81C-45F6-A57F-5ABD9991F28F}") = "SP.Infrastructure", "SP.Infrastructure\SP.Infrastructure.vbproj", "{4B0BB9D6-0FD0-48CF-9256-6B42582D5F9F}"
EndProject
Project("{2150E333-8FDC-42A3-9474-1A3956D46DE8}") = "Common", "Common", "{CB6B2CF3-C2DF-430E-837A-9631713FFB79}"
EndProject
Project("{F184B08F-C81C-45F6-A57F-5ABD9991F28F}") = "SPProgUtility", "SPProgUtility\SPProgUtility.vbproj", "{78BB37A6-7753-4586-A42F-39E591E1E229}"
EndProject
Project("{FAE04EC0-301F-11D3-BF4B-00C04F79EFBC}") = "SP.TinyMessengerWrapper", "SP.TinyMessengerWrapper\SP.TinyMessengerWrapper.csproj", "{FF4665B7-A876-4B26-92C5-FEA3B5088D66}"
EndProject
Project("{F184B08F-C81C-45F6-A57F-5ABD9991F28F}") = "SP.KD.CustomerMng", "SP.KD.CustomerMng\SP.KD.CustomerMng.vbproj", "{3A7E234C-DA9A-45A1-8441-EF151B187D5A}"
EndProject
Project("{F184B08F-C81C-45F6-A57F-5ABD9991F28F}") = "SP.KD.CPersonMng", "SP.KD.CPersonMng\SP.KD.CPersonMng.vbproj", "{64077D2C-CB12-425A-8A62-3E8098CA4E72}"
EndProject
Project("{F184B08F-C81C-45F6-A57F-5ABD9991F28F}") = "SP.DatabaseAccess", "SP.DatabaseAccess\SP.DatabaseAccess.vbproj", "{EEDCD73D-17B9-4604-A7C5-10667AF63E85}"
EndProject
Project("{F184B08F-C81C-45F6-A57F-5ABD9991F28F}") = "SP.KD.KontaktMng", "SP.KD.KontaktMng\SP.KD.KontaktMng.vbproj", "{07C1F2D4-A759-400A-8D3C-A605DCBAA9F0}"
EndProject
Project("{F184B08F-C81C-45F6-A57F-5ABD9991F28F}") = "SP.KD.DocumentMng", "SP.Doc.DocumentMng\SP.KD.DocumentMng.vbproj", "{8B20E0D7-3D14-4631-95E3-6197B01153AD}"
EndProject
Project("{F184B08F-C81C-45F6-A57F-5ABD9991F28F}") = "SPSSendMail", "SPSSendMail\SPSSendMail.vbproj", "{AFDA057F-94D1-4D68-85FB-31CA8EE131F7}"
EndProject
Project("{F184B08F-C81C-45F6-A57F-5ABD9991F28F}") = "SPS.Listing.Print.Utility", "SPS.Listing.Print.Utility\SPS.Listing.Print.Utility.vbproj", "{CA4FFD19-3751-41BE-97C8-B969B76836A5}"
EndProject
Project("{F184B08F-C81C-45F6-A57F-5ABD9991F28F}") = "SPSTapi", "SPSTapi\SPSTapi.vbproj", "{9E0A6CAB-3967-43C3-9E73-778638C1C770}"
EndProject
Project("{F184B08F-C81C-45F6-A57F-5ABD9991F28F}") = "SPS.Export.Listing.Utility", "SPS.Export.Listing.Utility\SPS.Export.Listing.Utility.vbproj", "{ABC11771-1BBB-4E11-A9C1-841620412F84}"
EndProject
Project("{F184B08F-C81C-45F6-A57F-5ABD9991F28F}") = "SPQualicationUtility", "SPQualicationUtility\SPQualicationUtility.vbproj", "{0B0133B8-BFBC-4277-90E5-CEAEB4EAB2F7}"
EndProject
Project("{F184B08F-C81C-45F6-A57F-5ABD9991F28F}") = "SP.TodoMng", "SP.TodoMng\SP.TodoMng.vbproj", "{4655A31F-3C9D-4611-A9F2-65E0CAA2E447}"
EndProject
Project("{F184B08F-C81C-45F6-A57F-5ABD9991F28F}") = "SP.Internal.Automations", "SP.Intern.Automations\SP.Internal.Automations.vbproj", "{1BBFD14A-03AC-4A44-8040-FC21CA57CC2E}"
EndProject
Project("{F184B08F-C81C-45F6-A57F-5ABD9991F28F}") = "SP.PDFO2S", "PDF O2S\SP.PDFO2S.vbproj", "{FA1D45D1-49F1-4EED-A92D-877065FCDAC5}"
EndProject
Project("{F184B08F-C81C-45F6-A57F-5ABD9991F28F}") = "SPS.MA.Lohn.Utility", "SPS.MA.Lohn.Utility\SPS.MA.Lohn.Utility.vbproj", "{6194BEE0-6FB0-4DFC-9FBB-A3D8F1F0E428}"
EndProject
Project("{F184B08F-C81C-45F6-A57F-5ABD9991F28F}") = "SP.MA.KontaktMng", "SP.MA.KontaktMng\SP.MA.KontaktMng.vbproj", "{C2ECC54E-8EFF-4BEC-A261-F5BD4B10EE47}"
EndProject
Project("{F184B08F-C81C-45F6-A57F-5ABD9991F28F}") = "SP.KD.ReAdresse", "SP.KD.ReAdresse\SP.KD.ReAdresse.vbproj", "{A07FECC2-EB06-4991-926D-5BC894C0397D}"
EndProject
Project("{F184B08F-C81C-45F6-A57F-5ABD9991F28F}") = "SPS.ExternalServices", "SPS.ExternalServices\SPS.ExternalServices.vbproj", "{CB3AB4BE-31CB-4258-94AE-8EEB26F049D6}"
EndProject
Project("{F184B08F-C81C-45F6-A57F-5ABD9991F28F}") = "SP.KD.BAInfo", "SP.KD.BAInfo\SP.KD.BAInfo.vbproj", "{AB4A4C2F-8871-4C0C-928F-130F4248BC84}"
EndProject
Project("{F184B08F-C81C-45F6-A57F-5ABD9991F28F}") = "SPGAV", "SPGAV\SPGAV.vbproj", "{9F25F725-1652-45D8-B8DD-CEFD74E37AC6}"
EndProject
Project("{F184B08F-C81C-45F6-A57F-5ABD9991F28F}") = "SPKD.Vakanz", "SPKD.Vakanz\SPKD.Vakanz.vbproj", "{52CA17A5-6161-4E46-831F-908E3B9FFD2C}"
EndProject
Project("{F184B08F-C81C-45F6-A57F-5ABD9991F28F}") = "SPProposeUtility", "SPProposeUtility\SPProposeUtility.vbproj", "{3276072B-31AE-44A9-BBA1-A09369B3539A}"
EndProject
Project("{F184B08F-C81C-45F6-A57F-5ABD9991F28F}") = "SP.MA.VorstellungMng", "SP.MA.VorstellungMng\SP.MA.VorstellungMng.vbproj", "{25D82C5F-0F52-4EE4-AB75-6763208E0188}"
EndProject
Project("{F184B08F-C81C-45F6-A57F-5ABD9991F28F}") = "SP.MA.EinsatzMng", "SP.MA.EinsatzMng\SP.MA.EinsatzMng.vbproj", "{EE95AEC2-DEE9-486B-92A6-790E31896097}"
EndProject
Project("{F184B08F-C81C-45F6-A57F-5ABD9991F28F}") = "SPS.SalaryValueCalculation", "SPS.SalaryValueCalculation\SPS.SalaryValueCalculation.vbproj", "{6CE53EE4-9056-42D7-A70A-46BB0559D3F9}"
EndProject
Project("{F184B08F-C81C-45F6-A57F-5ABD9991F28F}") = "SPS.Propose.SendMail.Utility", "SPS.Propose.SendMail.Utility\SPS.Propose.SendMail.Utility.vbproj", "{97573459-3A86-454A-A007-8FA18DACB264}"
EndProject
Project("{F184B08F-C81C-45F6-A57F-5ABD9991F28F}") = "SP.RPContent.PrintUtility", "SP.RPContent.PrintUtility\SP.RPContent.PrintUtility.vbproj", "{933377CF-A3BC-4608-AED2-AC3648B79BEF}"
EndProject
Project("{F184B08F-C81C-45F6-A57F-5ABD9991F28F}") = "SP.MA.ReportMng", "SP.MA.ReportMng\SP.MA.ReportMng.vbproj", "{E6368963-DB62-442E-9E74-DAA71E2B100D}"
EndProject
Project("{F184B08F-C81C-45F6-A57F-5ABD9991F28F}") = "SP.MA.MLohnMng", "SP.MA.LMMng\SP.MA.MLohnMng.vbproj", "{02C212FA-08CE-46D5-9332-F1E16105A823}"
EndProject
Project("{F184B08F-C81C-45F6-A57F-5ABD9991F28F}") = "SP.MA.AdvancePaymentMng", "SP.MA.AdvancePaymentMng\SP.MA.AdvancePaymentMng.vbproj", "{72D2C8A9-9E86-45D0-8EBF-D108AB21B4D5}"
EndProject
Project("{F184B08F-C81C-45F6-A57F-5ABD9991F28F}") = "SP.MA.BankMng", "SP.MA.BankMng\SP.MA.BankMng.vbproj", "{1A02276C-98CF-40B9-BAB8-76A525688B0A}"
EndProject
Project("{F184B08F-C81C-45F6-A57F-5ABD9991F28F}") = "SP.LO.PrintUtility", "SP.LO.PrintUtility\SP.LO.PrintUtility.vbproj", "{6E5D4C5D-C001-4401-A746-0E507C7526ED}"
EndProject
Project("{F184B08F-C81C-45F6-A57F-5ABD9991F28F}") = "SPS.ES.Utility", "SPS.ES.Utility\SPS.ES.Utility.vbproj", "{EC574582-550F-4898-9CE4-D861A59C1AEE}"
EndProject
Project("{F184B08F-C81C-45F6-A57F-5ABD9991F28F}") = "SP.RP.ShowScannedDoc", "SP.RP.ShowScannedDoc\SP.RP.ShowScannedDoc.vbproj", "{71C28B63-7D5A-46E3-B43C-AA79FD7A0CF7}"
EndProject
Project("{F184B08F-C81C-45F6-A57F-5ABD9991F28F}") = "SPS.MA.Guthaben", "SPS.MA.Guthaben\SPS.MA.Guthaben.vbproj", "{F74E93D6-5B73-46B3-AE98-21B25FFD34D4}"
EndProject
Project("{F184B08F-C81C-45F6-A57F-5ABD9991F28F}") = "SPServiceUtil", "SPServiceUtil\SPServiceUtil.vbproj", "{52D00DFF-0870-4DE8-8F92-63171EF77E01}"
EndProject
Project("{F184B08F-C81C-45F6-A57F-5ABD9991F28F}") = "SP.Employee.SuvaSTDSearch", "SP.Employee.SuvaSTDSearch\SP.Employee.SuvaSTDSearch.vbproj", "{2A9B8FBD-4AF2-427F-8151-B3660ECEB4D2}"
EndProject
Project("{F184B08F-C81C-45F6-A57F-5ABD9991F28F}") = "SP.ES.PrintUtility", "SP.ES.PrintUtility\SP.ES.PrintUtility.vbproj", "{0836F21C-C7E8-43C9-9216-258723F3E653}"
EndProject
Project("{2150E333-8FDC-42A3-9474-1A3956D46DE8}") = "Libraries", "Libraries", "{3F54A9CF-4E5A-43D4-9408-78D9592BE04D}"
	ProjectSection(SolutionItems) = preProject
		Libraries\.Net 4.5\Html2Markdown.dll = Libraries\.Net 4.5\Html2Markdown.dll
		Libraries\.Net 4.5\HtmlAgilityPack.dll = Libraries\.Net 4.5\HtmlAgilityPack.dll
		Libraries\itextsharp.dll = Libraries\itextsharp.dll
		Libraries\NLog.config = Libraries\NLog.config
		Libraries\NLog.dll = Libraries\NLog.dll
		Libraries\System.Net.Http.dll = Libraries\System.Net.Http.dll
		Libraries\WinFormHtmlEditor.dll = Libraries\WinFormHtmlEditor.dll
	EndProjectSection
EndProject
Project("{F184B08F-C81C-45F6-A57F-5ABD9991F28F}") = "SP.Vacancies.Intern", "SP.Vacancies.Intern\SP.Vacancies.Intern.vbproj", "{E9905961-C8A6-4E1D-9359-69D0AEEBD2A0}"
EndProject
Project("{F184B08F-C81C-45F6-A57F-5ABD9991F28F}") = "SP.Vacancies.JobCH", "SP.Vacancies.JobCH\SP.Vacancies.JobCH.vbproj", "{8D753BEC-5E2A-4D75-96F1-581A8EA818D9}"
EndProject
Project("{F184B08F-C81C-45F6-A57F-5ABD9991F28F}") = "SP.Vacancies.OstJobCH", "SP.Vacancies.OstJobCH\SP.Vacancies.OstJobCH.vbproj", "{734D276C-0A29-4869-AEA8-B32B75B7C85A}"
EndProject
Project("{F184B08F-C81C-45F6-A57F-5ABD9991F28F}") = "SP.ModuleCaching", "SP.ModulCaching\SP.ModuleCaching.vbproj", "{1C2E9C8F-866F-4F4F-9788-C1E73D40FABC}"
EndProject
Project("{F184B08F-C81C-45F6-A57F-5ABD9991F28F}") = "SP.MA.EmployeeMng", "SP.MA.EmployeeMng\SP.MA.EmployeeMng.vbproj", "{64A7DA2D-37CA-4147-AF65-DA8C5E21F295}"
EndProject
Project("{F184B08F-C81C-45F6-A57F-5ABD9991F28F}") = "SP.KD.InvoiceMng", "SP.KD.InvoiceMng\SP.KD.InvoiceMng.vbproj", "{2F527867-C64A-4DC4-A659-32AEEC194410}"
EndProject
Project("{F184B08F-C81C-45F6-A57F-5ABD9991F28F}") = "SP.Invoice.PrintUtility", "SP.Invoice.PrintUtility\SP.Invoice.PrintUtility.vbproj", "{323D216E-B25E-4998-A3E7-1571FE32AAE6}"
EndProject
Project("{F184B08F-C81C-45F6-A57F-5ABD9991F28F}") = "SP.MA.ApplicantMng", "SP.MA.ApplicantMng\SP.MA.ApplicantMng.vbproj", "{C238E9E4-6FC0-4E0F-A91D-05C16891FC60}"
EndProject
Project("{F184B08F-C81C-45F6-A57F-5ABD9991F28F}") = "SP.MA.DocumentMng", "SP.MA.DocumentMng\SP.MA.DocumentMng.vbproj", "{10DB21FB-B323-4316-AF35-BBA54AFEE836}"
EndProject
Project("{F184B08F-C81C-45F6-A57F-5ABD9991F28F}") = "SPMALLUtility", "SPMALLUtility\SPMALLUtility.vbproj", "{5F1226B3-82F5-44A7-AD8C-BAB1BD3D4235}"
EndProject
Project("{F184B08F-C81C-45F6-A57F-5ABD9991F28F}") = "SpImageProcess", "SpImageProcess\SpImageProcess.vbproj", "{39E410EA-C91B-4A1B-8178-8D1B517F8192}"
EndProject
Project("{F184B08F-C81C-45F6-A57F-5ABD9991F28F}") = "SP.MA.Massenversand", "SPMA.Massenversand\SP.MA.Massenversand.vbproj", "{7E5F6A5B-CDCD-4CCB-9619-1EDBDFD7581C}"
EndProject
Project("{F184B08F-C81C-45F6-A57F-5ABD9991F28F}") = "SPMAAddress", "SPMAAddress\SPMAAddress.vbproj", "{CC6A088F-8D82-459C-962E-4D61DD0B2B89}"
EndProject
Project("{F184B08F-C81C-45F6-A57F-5ABD9991F28F}") = "SP.MA.PayrollMng", "SP.MA.Payroll\SP.MA.PayrollMng.vbproj", "{FC7FF615-0BFB-4600-9F32-D7CAEBDFD9D2}"
EndProject
Project("{F184B08F-C81C-45F6-A57F-5ABD9991F28F}") = "SPS.DTAUtility", "SPS.DTAUtility\SPS.DTAUtility.vbproj", "{7FDF11E8-0F9F-4C56-B266-6FB37090D5B5}"
EndProject
Project("{F184B08F-C81C-45F6-A57F-5ABD9991F28F}") = "SPS.ESRUtility", "SPS.ESRUtility\SPS.ESRUtility.vbproj", "{493693DB-397A-46C5-B1BE-565903E7BED9}"
EndProject
Project("{2150E333-8FDC-42A3-9474-1A3956D46DE8}") = "Listings", "Listings", "{0C2FF8A8-9874-4F32-BE39-352671AF9416}"
EndProject
Project("{2150E333-8FDC-42A3-9474-1A3956D46DE8}") = "Payroll", "Payroll", "{AD33A4C3-7C5C-4A48-A684-477FB6567565}"
EndProject
Project("{2150E333-8FDC-42A3-9474-1A3956D46DE8}") = "Common", "Common", "{CDA4C320-04C3-4E6A-9521-59AA9B674F9B}"
EndProject
Project("{F184B08F-C81C-45F6-A57F-5ABD9991F28F}") = "SPESSearch", "Listing\Common\SPESSearch\SPESSearch.vbproj", "{F8390AF9-96E1-4068-95C1-6E42A35BF4D9}"
EndProject
Project("{F184B08F-C81C-45F6-A57F-5ABD9991F28F}") = "SPBUmsatzTotal", "Listing\Common\SPBUmsatzTotal\SPBUmsatzTotal.vbproj", "{167533A6-2A3C-4E31-81F6-AFC8A889D63D}"
EndProject
Project("{F184B08F-C81C-45F6-A57F-5ABD9991F28F}") = "SPCallHistory", "Listing\Common\SPCallHistory\SPCallHistory.vbproj", "{FB65C3AC-3270-4E93-B3A1-A0A101C76BD5}"
EndProject
Project("{F184B08F-C81C-45F6-A57F-5ABD9991F28F}") = "SPKDSearch", "Listing\Common\SPKDSearch\SPKDSearch.vbproj", "{CA5F5909-7505-4F81-9BEE-F17F008B1D4D}"
EndProject
Project("{F184B08F-C81C-45F6-A57F-5ABD9991F28F}") = "SPSOfferUtility_Net", "Listing\Common\SPSOfferUtility.Net\SPSOfferUtility_Net.vbproj", "{9E07F30F-80F1-4D03-868C-443349A1C091}"
EndProject
Project("{F184B08F-C81C-45F6-A57F-5ABD9991F28F}") = "SPKDUmsatz", "Listing\Common\SPKDUmsatz\SPKDUmsatz.vbproj", "{35265DCB-DD5C-4249-A6B3-D5E2577E05EE}"
EndProject
Project("{F184B08F-C81C-45F6-A57F-5ABD9991F28F}") = "SPMASearch", "Listing\Common\SPMASearch\SPMASearch.vbproj", "{28FBFD2C-9451-48D9-AD75-7D3D96C4C361}"
EndProject
Project("{F184B08F-C81C-45F6-A57F-5ABD9991F28F}") = "SPOPSearch", "Listing\Common\SPOPSearch\SPOPSearch.vbproj", "{D8CD09D5-4F9C-4631-8B2B-7738B7816808}"
EndProject
Project("{F184B08F-C81C-45F6-A57F-5ABD9991F28F}") = "SPProposeSearch", "Listing\Common\SPProposeSearch\SPProposeSearch.vbproj", "{A3938EB2-9E9E-48A4-864E-810D962708A6}"
EndProject
Project("{F184B08F-C81C-45F6-A57F-5ABD9991F28F}") = "SPRPListSearch", "Listing\Common\SPRPListSearch\SPRPListSearch.vbproj", "{7884E337-F21A-4DD1-A6B8-524A11EA337B}"
EndProject
Project("{F184B08F-C81C-45F6-A57F-5ABD9991F28F}") = "SPVakSearch", "Listing\Common\SPVakSearch\SPVakSearch.vbproj", "{1EA2F777-89B0-4CC9-9F21-DC7A14084245}"
EndProject
Project("{F184B08F-C81C-45F6-A57F-5ABD9991F28F}") = "SPZESearch", "Listing\Common\SPZESearch\SPZESearch.vbproj", "{8EAA73F6-DB79-406F-BDC5-3FD02B540559}"
EndProject
Project("{F184B08F-C81C-45F6-A57F-5ABD9991F28F}") = "SPZGSearch", "Listing\Common\SPZGSearch\SPZGSearch.vbproj", "{88FBC86A-4FCF-4D18-A76E-4A9395382D62}"
EndProject
Project("{F184B08F-C81C-45F6-A57F-5ABD9991F28F}") = "SP.StammDaten.PrintUtility", "Listing\Common\SP.StammDaten.PrintUtility\SP.StammDaten.PrintUtility.vbproj", "{E25E2B8D-EB4F-471D-A5AF-FCC0A1F3D44B}"
EndProject
Project("{2150E333-8FDC-42A3-9474-1A3956D46DE8}") = "GAV", "GAV", "{306F811F-9965-474E-B851-89E103602E5B}"
EndProject
Project("{F184B08F-C81C-45F6-A57F-5ABD9991F28F}") = "SPFARListeSearch", "Listing\Payroll\GAV\SPFARListeSearch\SPFARListeSearch.vbproj", "{E774031F-D914-41CB-98A3-8F74DB518E53}"
EndProject
Project("{F184B08F-C81C-45F6-A57F-5ABD9991F28F}") = "SPGAVPVLSearch", "Listing\Payroll\GAV\SPGAVPVLSearch\SPGAVPVLSearch.vbproj", "{A34593EC-711C-4CF0-85CD-315BAFE20961}"
EndProject
Project("{F184B08F-C81C-45F6-A57F-5ABD9991F28F}") = "SPLOIPSearch", "Listing\Payroll\GAV\SPLOIPSearch\SPLOIPSearch.vbproj", "{8000D000-72E2-425C-A74D-379F2B1AEE01}"
EndProject
Project("{2150E333-8FDC-42A3-9474-1A3956D46DE8}") = "Monthly", "Monthly", "{B4FA837B-821F-422D-B08D-E44892221602}"
EndProject
Project("{F184B08F-C81C-45F6-A57F-5ABD9991F28F}") = "SPBruttolohnjournal", "Listing\Payroll\Monthly\SPBruttolohnjournal\SPBruttolohnjournal.vbproj", "{A88CBC2F-D588-4D00-BB3B-C89C50B9465D}"
EndProject
Project("{F184B08F-C81C-45F6-A57F-5ABD9991F28F}") = "SPBVGListeSearch", "Listing\Payroll\Monthly\SPBVGListeSearch\SPBVGListeSearch.vbproj", "{F9AAEA0D-5B69-4482-B396-F5C08D99B3B6}"
EndProject
Project("{F184B08F-C81C-45F6-A57F-5ABD9991F28F}") = "SPFibuSearch", "Listing\Payroll\Monthly\SPFibuSearch\SPFibuSearch.vbproj", "{5DE0823D-1A18-43EF-B3EC-13C66D7DB927}"
EndProject
Project("{F184B08F-C81C-45F6-A57F-5ABD9991F28F}") = "SPFremdListSearch", "Listing\Payroll\Monthly\SPFremdListSearch\SPFremdListSearch.vbproj", "{6D816B6A-A8BD-4916-998B-77EED1BE5C95}"
EndProject
Project("{F184B08F-C81C-45F6-A57F-5ABD9991F28F}") = "SPLOAGSearch", "Listing\Payroll\Monthly\SPLOAGSearch\SPLOAGSearch.vbproj", "{4AFCF5B9-AA0F-43A8-942D-9C8F06D5052E}"
EndProject
Project("{F184B08F-C81C-45F6-A57F-5ABD9991F28F}") = "SPLOANSearch", "Listing\Payroll\Monthly\SPLOANSearch\SPLOANSearch.vbproj", "{9786F822-8320-432A-B1CD-9416A4B4A14E}"
EndProject
Project("{F184B08F-C81C-45F6-A57F-5ABD9991F28F}") = "SPLOStdListSearch", "Listing\Payroll\Monthly\SPLOStdListSearch\SPLOStdListSearch.vbproj", "{4A98C60B-FB27-4EE7-9D45-F481249E393C}"
EndProject
Project("{F184B08F-C81C-45F6-A57F-5ABD9991F28F}") = "SPMFakListSearch", "Listing\Payroll\Monthly\SPMFakListSearch\SPMFakListSearch.vbproj", "{805F9F9D-A958-4AA3-9BC7-020A47587C33}"
EndProject
Project("{F184B08F-C81C-45F6-A57F-5ABD9991F28F}") = "SPQSTListeSearch", "Listing\Payroll\Monthly\SPQSTListeSearch\SPQSTListeSearch.vbproj", "{679D7C1A-793E-4526-8462-F9B9CC7C69AF}"
EndProject
Project("{2150E333-8FDC-42A3-9474-1A3956D46DE8}") = "Yearly", "Yearly", "{346F89CC-C4CA-4255-946C-06A1E5C716A0}"
EndProject
Project("{F184B08F-C81C-45F6-A57F-5ABD9991F28F}") = "SPLOFranzSearch", "Listing\Payroll\Yearly\SPLOFranzSearch\SPLOFranzSearch.vbproj", "{77E14B98-FED6-4992-A8F8-F592B57E336B}"
EndProject
Project("{F184B08F-C81C-45F6-A57F-5ABD9991F28F}") = "SPLOGUSearch", "Listing\Payroll\Yearly\SPLOGUSearch\SPLOGUSearch.vbproj", "{22DA857F-C060-4E05-8FF5-A91129B89910}"
EndProject
Project("{F184B08F-C81C-45F6-A57F-5ABD9991F28F}") = "SPLOKigaYSearch", "Listing\Payroll\Yearly\SPLOKigaYSearch\SPLOKigaYSearch.vbproj", "{FE94815D-4A2B-4EC7-B1BB-D58DC722ABE0}"
EndProject
Project("{F184B08F-C81C-45F6-A57F-5ABD9991F28F}") = "SPLOLKontiSearch", "Listing\Payroll\Yearly\SPLOLKontiSearch\SPLOLKontiSearch.vbproj", "{B3FE2089-B9BC-45D5-AFDD-8521F7937066}"
EndProject
Project("{F184B08F-C81C-45F6-A57F-5ABD9991F28F}") = "SPLOLRJSearch", "Listing\Payroll\Yearly\SPLOLRJSearch\SPLOLRJSearch.vbproj", "{7117417B-AAD2-4F2D-BF87-F36FD7665201}"
EndProject
Project("{F184B08F-C81C-45F6-A57F-5ABD9991F28F}") = "SPLoNLASearch", "Listing\Payroll\Yearly\SPLoNLASearch\SPLoNLASearch.vbproj", "{8C53DBFC-EC49-455F-814A-1AEC18C01E88}"
EndProject
Project("{F184B08F-C81C-45F6-A57F-5ABD9991F28F}") = "SPS.Fill.NLAFields", "Listing\Payroll\Yearly\SPS.Fill.NLAFields\SPS.Fill.NLAFields.vbproj", "{F155980D-2B36-4397-98A1-72CBB3A048FB}"
EndProject
Project("{F184B08F-C81C-45F6-A57F-5ABD9991F28F}") = "SPUVGListeSearch", "Listing\Payroll\Yearly\SPUVGListeSearch\SPUVGListeSearch.vbproj", "{84C3A439-AF4A-440D-91D8-1BA1B2BEE8BA}"
EndProject
Project("{F184B08F-C81C-45F6-A57F-5ABD9991F28F}") = "SPYAHVListSearch", "Listing\Payroll\Yearly\SPYAHVListSearch\SPYAHVListSearch.vbproj", "{D3FD7B5C-95D0-49D4-8CBD-CC949D3B2631}"
EndProject
Project("{F184B08F-C81C-45F6-A57F-5ABD9991F28F}") = "SPYFakListSearch", "Listing\Payroll\Yearly\SPYFakListSearch\SPYFakListSearch.vbproj", "{706E9519-6CB3-4BB7-839F-0650E865A601}"
EndProject
Project("{F184B08F-C81C-45F6-A57F-5ABD9991F28F}") = "SPModulView", "SPS.MainView\SPModulView.vbproj", "{FC6BF3F1-3FB2-4007-97DA-2EB8FE0C886B}"
EndProject
Project("{F184B08F-C81C-45F6-A57F-5ABD9991F28F}") = "SP.Main.Notify", "SP.Main.Notify\SP.Main.Notify.vbproj", "{AA698322-7C15-4728-A6D6-51BE5F7108BC}"
EndProject
Project("{F184B08F-C81C-45F6-A57F-5ABD9991F28F}") = "SP.RP.EmployeeCustomerHourSearch", "Listing\Common\SP.RP.EmployeeCustomerHourSearch\SP.RP.EmployeeCustomerHourSearch.vbproj", "{9B8D4756-50DC-4FF4-8924-854EA130B0AC}"
EndProject
Project("{F184B08F-C81C-45F6-A57F-5ABD9991F28F}") = "SPS.MD.CreateNewUtility", "SPS.MD.CreateNewUtility\SPS.MD.CreateNewUtility.vbproj", "{7D3ED265-A2D2-4FBA-AE99-4CB433822BCD}"
EndProject
Project("{F184B08F-C81C-45F6-A57F-5ABD9991F28F}") = "SPS.SYS.DocUtility", "SPS.Sys.DocUtility\SPS.SYS.DocUtility.vbproj", "{C301A951-323B-4241-8C76-B2B166254F7E}"
EndProject
Project("{F184B08F-C81C-45F6-A57F-5ABD9991F28F}") = "SPS.SYS.TableSettingMng", "SPS.SYS.TableSettingMng\SPS.SYS.TableSettingMng.vbproj", "{C7D1A8D6-FA42-4D2F-8E2A-A5C9325277A7}"
EndProject
Project("{F184B08F-C81C-45F6-A57F-5ABD9991F28F}") = "SPS.MD.ESRDTAUtility", "SPS.MD.ESRDTAUtility\SPS.MD.ESRDTAUtility.vbproj", "{B4CE72B5-6ABA-46D2-8A5A-188C7B0C5012}"
EndProject
Project("{F184B08F-C81C-45F6-A57F-5ABD9991F28F}") = "SPS.MD.GAVAddressUtility", "SPS.MD.GAVAddressUtility\SPS.MD.GAVAddressUtility.vbproj", "{9A3C13D9-D754-4649-904E-4FF9BF8C37F8}"
EndProject
Project("{F184B08F-C81C-45F6-A57F-5ABD9991F28F}") = "SPS.MD.QstAddressUtility", "SPS.MD.QstAddressUtility\SPS.MD.QstAddressUtility.vbproj", "{CBCD0073-7C7C-442A-9FD9-D571981C8D36}"
EndProject
Project("{F184B08F-C81C-45F6-A57F-5ABD9991F28F}") = "SPTarifCalculate", "SPTarifCalculate\SPTarifCalculate.vbproj", "{268C934C-9632-43BA-9EA8-8188C04BA139}"
EndProject
Project("{F184B08F-C81C-45F6-A57F-5ABD9991F28F}") = "SP.RP.NotDoneList", "Listing\Common\SP.RP.NotDoneList\SP.RP.NotDoneList.vbproj", "{F7A78726-59D9-4E95-B12A-4223E6B30619}"
EndProject
Project("{F184B08F-C81C-45F6-A57F-5ABD9991F28F}") = "SPSSetting", "SPSSetting\SPSSetting.vbproj", "{F98E7DFC-422E-4BC0-94AE-6A49255E9D8E}"
EndProject
Global
	GlobalSection(SolutionConfigurationPlatforms) = preSolution
		Debug|Any CPU = Debug|Any CPU
		Debug|x86 = Debug|x86
		Release|Any CPU = Release|Any CPU
		Release|x86 = Release|x86
	EndGlobalSection
	GlobalSection(ProjectConfigurationPlatforms) = postSolution
		{4B0BB9D6-0FD0-48CF-9256-6B42582D5F9F}.Debug|Any CPU.ActiveCfg = Debug|Any CPU
		{4B0BB9D6-0FD0-48CF-9256-6B42582D5F9F}.Debug|Any CPU.Build.0 = Debug|Any CPU
		{4B0BB9D6-0FD0-48CF-9256-6B42582D5F9F}.Debug|x86.ActiveCfg = Debug|Any CPU
		{4B0BB9D6-0FD0-48CF-9256-6B42582D5F9F}.Debug|x86.Build.0 = Debug|Any CPU
		{4B0BB9D6-0FD0-48CF-9256-6B42582D5F9F}.Release|Any CPU.ActiveCfg = Release|Any CPU
		{4B0BB9D6-0FD0-48CF-9256-6B42582D5F9F}.Release|Any CPU.Build.0 = Release|Any CPU
		{4B0BB9D6-0FD0-48CF-9256-6B42582D5F9F}.Release|x86.ActiveCfg = Release|Any CPU
		{4B0BB9D6-0FD0-48CF-9256-6B42582D5F9F}.Release|x86.Build.0 = Release|Any CPU
		{78BB37A6-7753-4586-A42F-39E591E1E229}.Debug|Any CPU.ActiveCfg = Debug|Any CPU
		{78BB37A6-7753-4586-A42F-39E591E1E229}.Debug|Any CPU.Build.0 = Debug|Any CPU
		{78BB37A6-7753-4586-A42F-39E591E1E229}.Debug|x86.ActiveCfg = Debug|Any CPU
		{78BB37A6-7753-4586-A42F-39E591E1E229}.Debug|x86.Build.0 = Debug|Any CPU
		{78BB37A6-7753-4586-A42F-39E591E1E229}.Release|Any CPU.ActiveCfg = Release|Any CPU
		{78BB37A6-7753-4586-A42F-39E591E1E229}.Release|Any CPU.Build.0 = Release|Any CPU
		{78BB37A6-7753-4586-A42F-39E591E1E229}.Release|x86.ActiveCfg = Release|Any CPU
		{78BB37A6-7753-4586-A42F-39E591E1E229}.Release|x86.Build.0 = Release|Any CPU
		{FF4665B7-A876-4B26-92C5-FEA3B5088D66}.Debug|Any CPU.ActiveCfg = Debug|Any CPU
		{FF4665B7-A876-4B26-92C5-FEA3B5088D66}.Debug|Any CPU.Build.0 = Debug|Any CPU
		{FF4665B7-A876-4B26-92C5-FEA3B5088D66}.Debug|x86.ActiveCfg = Debug|Any CPU
		{FF4665B7-A876-4B26-92C5-FEA3B5088D66}.Debug|x86.Build.0 = Debug|Any CPU
		{FF4665B7-A876-4B26-92C5-FEA3B5088D66}.Release|Any CPU.ActiveCfg = Release|Any CPU
		{FF4665B7-A876-4B26-92C5-FEA3B5088D66}.Release|Any CPU.Build.0 = Release|Any CPU
		{FF4665B7-A876-4B26-92C5-FEA3B5088D66}.Release|x86.ActiveCfg = Release|Any CPU
		{FF4665B7-A876-4B26-92C5-FEA3B5088D66}.Release|x86.Build.0 = Release|Any CPU
		{3A7E234C-DA9A-45A1-8441-EF151B187D5A}.Debug|Any CPU.ActiveCfg = Debug|Any CPU
		{3A7E234C-DA9A-45A1-8441-EF151B187D5A}.Debug|Any CPU.Build.0 = Debug|Any CPU
		{3A7E234C-DA9A-45A1-8441-EF151B187D5A}.Debug|x86.ActiveCfg = Debug|Any CPU
		{3A7E234C-DA9A-45A1-8441-EF151B187D5A}.Debug|x86.Build.0 = Debug|Any CPU
		{3A7E234C-DA9A-45A1-8441-EF151B187D5A}.Release|Any CPU.ActiveCfg = Release|Any CPU
		{3A7E234C-DA9A-45A1-8441-EF151B187D5A}.Release|Any CPU.Build.0 = Release|Any CPU
		{3A7E234C-DA9A-45A1-8441-EF151B187D5A}.Release|x86.ActiveCfg = Release|Any CPU
		{3A7E234C-DA9A-45A1-8441-EF151B187D5A}.Release|x86.Build.0 = Release|Any CPU
		{64077D2C-CB12-425A-8A62-3E8098CA4E72}.Debug|Any CPU.ActiveCfg = Debug|Any CPU
		{64077D2C-CB12-425A-8A62-3E8098CA4E72}.Debug|Any CPU.Build.0 = Debug|Any CPU
		{64077D2C-CB12-425A-8A62-3E8098CA4E72}.Debug|x86.ActiveCfg = Debug|Any CPU
		{64077D2C-CB12-425A-8A62-3E8098CA4E72}.Debug|x86.Build.0 = Debug|Any CPU
		{64077D2C-CB12-425A-8A62-3E8098CA4E72}.Release|Any CPU.ActiveCfg = Release|Any CPU
		{64077D2C-CB12-425A-8A62-3E8098CA4E72}.Release|Any CPU.Build.0 = Release|Any CPU
		{64077D2C-CB12-425A-8A62-3E8098CA4E72}.Release|x86.ActiveCfg = Release|Any CPU
		{64077D2C-CB12-425A-8A62-3E8098CA4E72}.Release|x86.Build.0 = Release|Any CPU
		{EEDCD73D-17B9-4604-A7C5-10667AF63E85}.Debug|Any CPU.ActiveCfg = Debug|Any CPU
		{EEDCD73D-17B9-4604-A7C5-10667AF63E85}.Debug|Any CPU.Build.0 = Debug|Any CPU
		{EEDCD73D-17B9-4604-A7C5-10667AF63E85}.Debug|x86.ActiveCfg = Debug|Any CPU
		{EEDCD73D-17B9-4604-A7C5-10667AF63E85}.Debug|x86.Build.0 = Debug|Any CPU
		{EEDCD73D-17B9-4604-A7C5-10667AF63E85}.Release|Any CPU.ActiveCfg = Release|Any CPU
		{EEDCD73D-17B9-4604-A7C5-10667AF63E85}.Release|Any CPU.Build.0 = Release|Any CPU
		{EEDCD73D-17B9-4604-A7C5-10667AF63E85}.Release|x86.ActiveCfg = Release|Any CPU
		{EEDCD73D-17B9-4604-A7C5-10667AF63E85}.Release|x86.Build.0 = Release|Any CPU
		{07C1F2D4-A759-400A-8D3C-A605DCBAA9F0}.Debug|Any CPU.ActiveCfg = Debug|Any CPU
		{07C1F2D4-A759-400A-8D3C-A605DCBAA9F0}.Debug|Any CPU.Build.0 = Debug|Any CPU
		{07C1F2D4-A759-400A-8D3C-A605DCBAA9F0}.Debug|x86.ActiveCfg = Debug|Any CPU
		{07C1F2D4-A759-400A-8D3C-A605DCBAA9F0}.Debug|x86.Build.0 = Debug|Any CPU
		{07C1F2D4-A759-400A-8D3C-A605DCBAA9F0}.Release|Any CPU.ActiveCfg = Release|Any CPU
		{07C1F2D4-A759-400A-8D3C-A605DCBAA9F0}.Release|Any CPU.Build.0 = Release|Any CPU
		{07C1F2D4-A759-400A-8D3C-A605DCBAA9F0}.Release|x86.ActiveCfg = Release|Any CPU
		{07C1F2D4-A759-400A-8D3C-A605DCBAA9F0}.Release|x86.Build.0 = Release|Any CPU
		{8B20E0D7-3D14-4631-95E3-6197B01153AD}.Debug|Any CPU.ActiveCfg = Debug|Any CPU
		{8B20E0D7-3D14-4631-95E3-6197B01153AD}.Debug|Any CPU.Build.0 = Debug|Any CPU
		{8B20E0D7-3D14-4631-95E3-6197B01153AD}.Debug|x86.ActiveCfg = Debug|Any CPU
		{8B20E0D7-3D14-4631-95E3-6197B01153AD}.Debug|x86.Build.0 = Debug|Any CPU
		{8B20E0D7-3D14-4631-95E3-6197B01153AD}.Release|Any CPU.ActiveCfg = Release|Any CPU
		{8B20E0D7-3D14-4631-95E3-6197B01153AD}.Release|Any CPU.Build.0 = Release|Any CPU
		{8B20E0D7-3D14-4631-95E3-6197B01153AD}.Release|x86.ActiveCfg = Release|Any CPU
		{8B20E0D7-3D14-4631-95E3-6197B01153AD}.Release|x86.Build.0 = Release|Any CPU
		{AFDA057F-94D1-4D68-85FB-31CA8EE131F7}.Debug|Any CPU.ActiveCfg = Debug|Any CPU
		{AFDA057F-94D1-4D68-85FB-31CA8EE131F7}.Debug|Any CPU.Build.0 = Debug|Any CPU
		{AFDA057F-94D1-4D68-85FB-31CA8EE131F7}.Debug|x86.ActiveCfg = Debug|Any CPU
		{AFDA057F-94D1-4D68-85FB-31CA8EE131F7}.Debug|x86.Build.0 = Debug|Any CPU
		{AFDA057F-94D1-4D68-85FB-31CA8EE131F7}.Release|Any CPU.ActiveCfg = Release|Any CPU
		{AFDA057F-94D1-4D68-85FB-31CA8EE131F7}.Release|Any CPU.Build.0 = Release|Any CPU
		{AFDA057F-94D1-4D68-85FB-31CA8EE131F7}.Release|x86.ActiveCfg = Release|Any CPU
		{AFDA057F-94D1-4D68-85FB-31CA8EE131F7}.Release|x86.Build.0 = Release|Any CPU
		{CA4FFD19-3751-41BE-97C8-B969B76836A5}.Debug|Any CPU.ActiveCfg = Debug|Any CPU
		{CA4FFD19-3751-41BE-97C8-B969B76836A5}.Debug|Any CPU.Build.0 = Debug|Any CPU
		{CA4FFD19-3751-41BE-97C8-B969B76836A5}.Debug|x86.ActiveCfg = Debug|Any CPU
		{CA4FFD19-3751-41BE-97C8-B969B76836A5}.Debug|x86.Build.0 = Debug|Any CPU
		{CA4FFD19-3751-41BE-97C8-B969B76836A5}.Release|Any CPU.ActiveCfg = Release|Any CPU
		{CA4FFD19-3751-41BE-97C8-B969B76836A5}.Release|Any CPU.Build.0 = Release|Any CPU
		{CA4FFD19-3751-41BE-97C8-B969B76836A5}.Release|x86.ActiveCfg = Release|Any CPU
		{CA4FFD19-3751-41BE-97C8-B969B76836A5}.Release|x86.Build.0 = Release|Any CPU
		{9E0A6CAB-3967-43C3-9E73-778638C1C770}.Debug|Any CPU.ActiveCfg = Debug|Any CPU
		{9E0A6CAB-3967-43C3-9E73-778638C1C770}.Debug|Any CPU.Build.0 = Debug|Any CPU
		{9E0A6CAB-3967-43C3-9E73-778638C1C770}.Debug|x86.ActiveCfg = Debug|x86
		{9E0A6CAB-3967-43C3-9E73-778638C1C770}.Debug|x86.Build.0 = Debug|x86
		{9E0A6CAB-3967-43C3-9E73-778638C1C770}.Release|Any CPU.ActiveCfg = Release|Any CPU
		{9E0A6CAB-3967-43C3-9E73-778638C1C770}.Release|Any CPU.Build.0 = Release|Any CPU
		{9E0A6CAB-3967-43C3-9E73-778638C1C770}.Release|x86.ActiveCfg = Release|Any CPU
		{9E0A6CAB-3967-43C3-9E73-778638C1C770}.Release|x86.Build.0 = Release|Any CPU
		{ABC11771-1BBB-4E11-A9C1-841620412F84}.Debug|Any CPU.ActiveCfg = Debug|Any CPU
		{ABC11771-1BBB-4E11-A9C1-841620412F84}.Debug|Any CPU.Build.0 = Debug|Any CPU
		{ABC11771-1BBB-4E11-A9C1-841620412F84}.Debug|x86.ActiveCfg = Debug|Any CPU
		{ABC11771-1BBB-4E11-A9C1-841620412F84}.Debug|x86.Build.0 = Debug|Any CPU
		{ABC11771-1BBB-4E11-A9C1-841620412F84}.Release|Any CPU.ActiveCfg = Release|Any CPU
		{ABC11771-1BBB-4E11-A9C1-841620412F84}.Release|Any CPU.Build.0 = Release|Any CPU
		{ABC11771-1BBB-4E11-A9C1-841620412F84}.Release|x86.ActiveCfg = Release|Any CPU
		{ABC11771-1BBB-4E11-A9C1-841620412F84}.Release|x86.Build.0 = Release|Any CPU
		{0B0133B8-BFBC-4277-90E5-CEAEB4EAB2F7}.Debug|Any CPU.ActiveCfg = Debug|Any CPU
		{0B0133B8-BFBC-4277-90E5-CEAEB4EAB2F7}.Debug|Any CPU.Build.0 = Debug|Any CPU
		{0B0133B8-BFBC-4277-90E5-CEAEB4EAB2F7}.Debug|x86.ActiveCfg = Debug|Any CPU
		{0B0133B8-BFBC-4277-90E5-CEAEB4EAB2F7}.Debug|x86.Build.0 = Debug|Any CPU
		{0B0133B8-BFBC-4277-90E5-CEAEB4EAB2F7}.Release|Any CPU.ActiveCfg = Release|Any CPU
		{0B0133B8-BFBC-4277-90E5-CEAEB4EAB2F7}.Release|Any CPU.Build.0 = Release|Any CPU
		{0B0133B8-BFBC-4277-90E5-CEAEB4EAB2F7}.Release|x86.ActiveCfg = Release|Any CPU
		{0B0133B8-BFBC-4277-90E5-CEAEB4EAB2F7}.Release|x86.Build.0 = Release|Any CPU
		{4655A31F-3C9D-4611-A9F2-65E0CAA2E447}.Debug|Any CPU.ActiveCfg = Debug|Any CPU
		{4655A31F-3C9D-4611-A9F2-65E0CAA2E447}.Debug|Any CPU.Build.0 = Debug|Any CPU
		{4655A31F-3C9D-4611-A9F2-65E0CAA2E447}.Debug|x86.ActiveCfg = Debug|Any CPU
		{4655A31F-3C9D-4611-A9F2-65E0CAA2E447}.Debug|x86.Build.0 = Debug|Any CPU
		{4655A31F-3C9D-4611-A9F2-65E0CAA2E447}.Release|Any CPU.ActiveCfg = Release|Any CPU
		{4655A31F-3C9D-4611-A9F2-65E0CAA2E447}.Release|Any CPU.Build.0 = Release|Any CPU
		{4655A31F-3C9D-4611-A9F2-65E0CAA2E447}.Release|x86.ActiveCfg = Release|Any CPU
		{4655A31F-3C9D-4611-A9F2-65E0CAA2E447}.Release|x86.Build.0 = Release|Any CPU
		{1BBFD14A-03AC-4A44-8040-FC21CA57CC2E}.Debug|Any CPU.ActiveCfg = Debug|Any CPU
		{1BBFD14A-03AC-4A44-8040-FC21CA57CC2E}.Debug|Any CPU.Build.0 = Debug|Any CPU
		{1BBFD14A-03AC-4A44-8040-FC21CA57CC2E}.Debug|x86.ActiveCfg = Debug|Any CPU
		{1BBFD14A-03AC-4A44-8040-FC21CA57CC2E}.Debug|x86.Build.0 = Debug|Any CPU
		{1BBFD14A-03AC-4A44-8040-FC21CA57CC2E}.Release|Any CPU.ActiveCfg = Release|Any CPU
		{1BBFD14A-03AC-4A44-8040-FC21CA57CC2E}.Release|Any CPU.Build.0 = Release|Any CPU
		{1BBFD14A-03AC-4A44-8040-FC21CA57CC2E}.Release|x86.ActiveCfg = Release|Any CPU
		{1BBFD14A-03AC-4A44-8040-FC21CA57CC2E}.Release|x86.Build.0 = Release|Any CPU
		{FA1D45D1-49F1-4EED-A92D-877065FCDAC5}.Debug|Any CPU.ActiveCfg = Debug|Any CPU
		{FA1D45D1-49F1-4EED-A92D-877065FCDAC5}.Debug|Any CPU.Build.0 = Debug|Any CPU
		{FA1D45D1-49F1-4EED-A92D-877065FCDAC5}.Debug|x86.ActiveCfg = Debug|Any CPU
		{FA1D45D1-49F1-4EED-A92D-877065FCDAC5}.Debug|x86.Build.0 = Debug|Any CPU
		{FA1D45D1-49F1-4EED-A92D-877065FCDAC5}.Release|Any CPU.ActiveCfg = Release|Any CPU
		{FA1D45D1-49F1-4EED-A92D-877065FCDAC5}.Release|Any CPU.Build.0 = Release|Any CPU
		{FA1D45D1-49F1-4EED-A92D-877065FCDAC5}.Release|x86.ActiveCfg = Release|Any CPU
		{FA1D45D1-49F1-4EED-A92D-877065FCDAC5}.Release|x86.Build.0 = Release|Any CPU
		{6194BEE0-6FB0-4DFC-9FBB-A3D8F1F0E428}.Debug|Any CPU.ActiveCfg = Debug|Any CPU
		{6194BEE0-6FB0-4DFC-9FBB-A3D8F1F0E428}.Debug|Any CPU.Build.0 = Debug|Any CPU
		{6194BEE0-6FB0-4DFC-9FBB-A3D8F1F0E428}.Debug|x86.ActiveCfg = Debug|Any CPU
		{6194BEE0-6FB0-4DFC-9FBB-A3D8F1F0E428}.Debug|x86.Build.0 = Debug|Any CPU
		{6194BEE0-6FB0-4DFC-9FBB-A3D8F1F0E428}.Release|Any CPU.ActiveCfg = Release|Any CPU
		{6194BEE0-6FB0-4DFC-9FBB-A3D8F1F0E428}.Release|Any CPU.Build.0 = Release|Any CPU
		{6194BEE0-6FB0-4DFC-9FBB-A3D8F1F0E428}.Release|x86.ActiveCfg = Release|Any CPU
		{6194BEE0-6FB0-4DFC-9FBB-A3D8F1F0E428}.Release|x86.Build.0 = Release|Any CPU
		{C2ECC54E-8EFF-4BEC-A261-F5BD4B10EE47}.Debug|Any CPU.ActiveCfg = Debug|Any CPU
		{C2ECC54E-8EFF-4BEC-A261-F5BD4B10EE47}.Debug|Any CPU.Build.0 = Debug|Any CPU
		{C2ECC54E-8EFF-4BEC-A261-F5BD4B10EE47}.Debug|x86.ActiveCfg = Debug|Any CPU
		{C2ECC54E-8EFF-4BEC-A261-F5BD4B10EE47}.Debug|x86.Build.0 = Debug|Any CPU
		{C2ECC54E-8EFF-4BEC-A261-F5BD4B10EE47}.Release|Any CPU.ActiveCfg = Release|Any CPU
		{C2ECC54E-8EFF-4BEC-A261-F5BD4B10EE47}.Release|Any CPU.Build.0 = Release|Any CPU
		{C2ECC54E-8EFF-4BEC-A261-F5BD4B10EE47}.Release|x86.ActiveCfg = Release|Any CPU
		{C2ECC54E-8EFF-4BEC-A261-F5BD4B10EE47}.Release|x86.Build.0 = Release|Any CPU
		{A07FECC2-EB06-4991-926D-5BC894C0397D}.Debug|Any CPU.ActiveCfg = Debug|Any CPU
		{A07FECC2-EB06-4991-926D-5BC894C0397D}.Debug|Any CPU.Build.0 = Debug|Any CPU
		{A07FECC2-EB06-4991-926D-5BC894C0397D}.Debug|x86.ActiveCfg = Debug|Any CPU
		{A07FECC2-EB06-4991-926D-5BC894C0397D}.Debug|x86.Build.0 = Debug|Any CPU
		{A07FECC2-EB06-4991-926D-5BC894C0397D}.Release|Any CPU.ActiveCfg = Release|Any CPU
		{A07FECC2-EB06-4991-926D-5BC894C0397D}.Release|Any CPU.Build.0 = Release|Any CPU
		{A07FECC2-EB06-4991-926D-5BC894C0397D}.Release|x86.ActiveCfg = Release|Any CPU
		{A07FECC2-EB06-4991-926D-5BC894C0397D}.Release|x86.Build.0 = Release|Any CPU
		{CB3AB4BE-31CB-4258-94AE-8EEB26F049D6}.Debug|Any CPU.ActiveCfg = Debug|Any CPU
		{CB3AB4BE-31CB-4258-94AE-8EEB26F049D6}.Debug|Any CPU.Build.0 = Debug|Any CPU
		{CB3AB4BE-31CB-4258-94AE-8EEB26F049D6}.Debug|x86.ActiveCfg = Debug|Any CPU
		{CB3AB4BE-31CB-4258-94AE-8EEB26F049D6}.Debug|x86.Build.0 = Debug|Any CPU
		{CB3AB4BE-31CB-4258-94AE-8EEB26F049D6}.Release|Any CPU.ActiveCfg = Release|Any CPU
		{CB3AB4BE-31CB-4258-94AE-8EEB26F049D6}.Release|Any CPU.Build.0 = Release|Any CPU
		{CB3AB4BE-31CB-4258-94AE-8EEB26F049D6}.Release|x86.ActiveCfg = Release|Any CPU
		{CB3AB4BE-31CB-4258-94AE-8EEB26F049D6}.Release|x86.Build.0 = Release|Any CPU
		{AB4A4C2F-8871-4C0C-928F-130F4248BC84}.Debug|Any CPU.ActiveCfg = Debug|Any CPU
		{AB4A4C2F-8871-4C0C-928F-130F4248BC84}.Debug|Any CPU.Build.0 = Debug|Any CPU
		{AB4A4C2F-8871-4C0C-928F-130F4248BC84}.Debug|x86.ActiveCfg = Debug|Any CPU
		{AB4A4C2F-8871-4C0C-928F-130F4248BC84}.Debug|x86.Build.0 = Debug|Any CPU
		{AB4A4C2F-8871-4C0C-928F-130F4248BC84}.Release|Any CPU.ActiveCfg = Release|Any CPU
		{AB4A4C2F-8871-4C0C-928F-130F4248BC84}.Release|Any CPU.Build.0 = Release|Any CPU
		{AB4A4C2F-8871-4C0C-928F-130F4248BC84}.Release|x86.ActiveCfg = Release|Any CPU
		{AB4A4C2F-8871-4C0C-928F-130F4248BC84}.Release|x86.Build.0 = Release|Any CPU
		{9F25F725-1652-45D8-B8DD-CEFD74E37AC6}.Debug|Any CPU.ActiveCfg = Debug|Any CPU
		{9F25F725-1652-45D8-B8DD-CEFD74E37AC6}.Debug|Any CPU.Build.0 = Debug|Any CPU
		{9F25F725-1652-45D8-B8DD-CEFD74E37AC6}.Debug|x86.ActiveCfg = Debug|Any CPU
		{9F25F725-1652-45D8-B8DD-CEFD74E37AC6}.Debug|x86.Build.0 = Debug|Any CPU
		{9F25F725-1652-45D8-B8DD-CEFD74E37AC6}.Release|Any CPU.ActiveCfg = Release|Any CPU
		{9F25F725-1652-45D8-B8DD-CEFD74E37AC6}.Release|Any CPU.Build.0 = Release|Any CPU
		{9F25F725-1652-45D8-B8DD-CEFD74E37AC6}.Release|x86.ActiveCfg = Release|Any CPU
		{9F25F725-1652-45D8-B8DD-CEFD74E37AC6}.Release|x86.Build.0 = Release|Any CPU
		{52CA17A5-6161-4E46-831F-908E3B9FFD2C}.Debug|Any CPU.ActiveCfg = Debug|Any CPU
		{52CA17A5-6161-4E46-831F-908E3B9FFD2C}.Debug|Any CPU.Build.0 = Debug|Any CPU
		{52CA17A5-6161-4E46-831F-908E3B9FFD2C}.Debug|x86.ActiveCfg = Debug|Any CPU
		{52CA17A5-6161-4E46-831F-908E3B9FFD2C}.Debug|x86.Build.0 = Debug|Any CPU
		{52CA17A5-6161-4E46-831F-908E3B9FFD2C}.Release|Any CPU.ActiveCfg = Release|Any CPU
		{52CA17A5-6161-4E46-831F-908E3B9FFD2C}.Release|Any CPU.Build.0 = Release|Any CPU
		{52CA17A5-6161-4E46-831F-908E3B9FFD2C}.Release|x86.ActiveCfg = Release|Any CPU
		{52CA17A5-6161-4E46-831F-908E3B9FFD2C}.Release|x86.Build.0 = Release|Any CPU
		{3276072B-31AE-44A9-BBA1-A09369B3539A}.Debug|Any CPU.ActiveCfg = Debug|Any CPU
		{3276072B-31AE-44A9-BBA1-A09369B3539A}.Debug|Any CPU.Build.0 = Debug|Any CPU
		{3276072B-31AE-44A9-BBA1-A09369B3539A}.Debug|x86.ActiveCfg = Debug|Any CPU
		{3276072B-31AE-44A9-BBA1-A09369B3539A}.Debug|x86.Build.0 = Debug|Any CPU
		{3276072B-31AE-44A9-BBA1-A09369B3539A}.Release|Any CPU.ActiveCfg = Release|Any CPU
		{3276072B-31AE-44A9-BBA1-A09369B3539A}.Release|Any CPU.Build.0 = Release|Any CPU
		{3276072B-31AE-44A9-BBA1-A09369B3539A}.Release|x86.ActiveCfg = Release|Any CPU
		{3276072B-31AE-44A9-BBA1-A09369B3539A}.Release|x86.Build.0 = Release|Any CPU
		{25D82C5F-0F52-4EE4-AB75-6763208E0188}.Debug|Any CPU.ActiveCfg = Debug|Any CPU
		{25D82C5F-0F52-4EE4-AB75-6763208E0188}.Debug|Any CPU.Build.0 = Debug|Any CPU
		{25D82C5F-0F52-4EE4-AB75-6763208E0188}.Debug|x86.ActiveCfg = Debug|Any CPU
		{25D82C5F-0F52-4EE4-AB75-6763208E0188}.Debug|x86.Build.0 = Debug|Any CPU
		{25D82C5F-0F52-4EE4-AB75-6763208E0188}.Release|Any CPU.ActiveCfg = Release|Any CPU
		{25D82C5F-0F52-4EE4-AB75-6763208E0188}.Release|Any CPU.Build.0 = Release|Any CPU
		{25D82C5F-0F52-4EE4-AB75-6763208E0188}.Release|x86.ActiveCfg = Release|Any CPU
		{25D82C5F-0F52-4EE4-AB75-6763208E0188}.Release|x86.Build.0 = Release|Any CPU
		{EE95AEC2-DEE9-486B-92A6-790E31896097}.Debug|Any CPU.ActiveCfg = Debug|Any CPU
		{EE95AEC2-DEE9-486B-92A6-790E31896097}.Debug|Any CPU.Build.0 = Debug|Any CPU
		{EE95AEC2-DEE9-486B-92A6-790E31896097}.Debug|x86.ActiveCfg = Debug|Any CPU
		{EE95AEC2-DEE9-486B-92A6-790E31896097}.Debug|x86.Build.0 = Debug|Any CPU
		{EE95AEC2-DEE9-486B-92A6-790E31896097}.Release|Any CPU.ActiveCfg = Release|Any CPU
		{EE95AEC2-DEE9-486B-92A6-790E31896097}.Release|Any CPU.Build.0 = Release|Any CPU
		{EE95AEC2-DEE9-486B-92A6-790E31896097}.Release|x86.ActiveCfg = Release|Any CPU
		{EE95AEC2-DEE9-486B-92A6-790E31896097}.Release|x86.Build.0 = Release|Any CPU
		{6CE53EE4-9056-42D7-A70A-46BB0559D3F9}.Debug|Any CPU.ActiveCfg = Debug|Any CPU
		{6CE53EE4-9056-42D7-A70A-46BB0559D3F9}.Debug|Any CPU.Build.0 = Debug|Any CPU
		{6CE53EE4-9056-42D7-A70A-46BB0559D3F9}.Debug|x86.ActiveCfg = Debug|Any CPU
		{6CE53EE4-9056-42D7-A70A-46BB0559D3F9}.Debug|x86.Build.0 = Debug|Any CPU
		{6CE53EE4-9056-42D7-A70A-46BB0559D3F9}.Release|Any CPU.ActiveCfg = Release|Any CPU
		{6CE53EE4-9056-42D7-A70A-46BB0559D3F9}.Release|Any CPU.Build.0 = Release|Any CPU
		{6CE53EE4-9056-42D7-A70A-46BB0559D3F9}.Release|x86.ActiveCfg = Release|Any CPU
		{6CE53EE4-9056-42D7-A70A-46BB0559D3F9}.Release|x86.Build.0 = Release|Any CPU
		{97573459-3A86-454A-A007-8FA18DACB264}.Debug|Any CPU.ActiveCfg = Debug|Any CPU
		{97573459-3A86-454A-A007-8FA18DACB264}.Debug|Any CPU.Build.0 = Debug|Any CPU
		{97573459-3A86-454A-A007-8FA18DACB264}.Debug|x86.ActiveCfg = Debug|Any CPU
		{97573459-3A86-454A-A007-8FA18DACB264}.Debug|x86.Build.0 = Debug|Any CPU
		{97573459-3A86-454A-A007-8FA18DACB264}.Release|Any CPU.ActiveCfg = Release|Any CPU
		{97573459-3A86-454A-A007-8FA18DACB264}.Release|Any CPU.Build.0 = Release|Any CPU
		{97573459-3A86-454A-A007-8FA18DACB264}.Release|x86.ActiveCfg = Release|Any CPU
		{97573459-3A86-454A-A007-8FA18DACB264}.Release|x86.Build.0 = Release|Any CPU
		{933377CF-A3BC-4608-AED2-AC3648B79BEF}.Debug|Any CPU.ActiveCfg = Debug|Any CPU
		{933377CF-A3BC-4608-AED2-AC3648B79BEF}.Debug|Any CPU.Build.0 = Debug|Any CPU
		{933377CF-A3BC-4608-AED2-AC3648B79BEF}.Debug|x86.ActiveCfg = Debug|Any CPU
		{933377CF-A3BC-4608-AED2-AC3648B79BEF}.Debug|x86.Build.0 = Debug|Any CPU
		{933377CF-A3BC-4608-AED2-AC3648B79BEF}.Release|Any CPU.ActiveCfg = Release|Any CPU
		{933377CF-A3BC-4608-AED2-AC3648B79BEF}.Release|Any CPU.Build.0 = Release|Any CPU
		{933377CF-A3BC-4608-AED2-AC3648B79BEF}.Release|x86.ActiveCfg = Release|Any CPU
		{933377CF-A3BC-4608-AED2-AC3648B79BEF}.Release|x86.Build.0 = Release|Any CPU
		{E6368963-DB62-442E-9E74-DAA71E2B100D}.Debug|Any CPU.ActiveCfg = Debug|Any CPU
		{E6368963-DB62-442E-9E74-DAA71E2B100D}.Debug|Any CPU.Build.0 = Debug|Any CPU
		{E6368963-DB62-442E-9E74-DAA71E2B100D}.Debug|x86.ActiveCfg = Debug|Any CPU
		{E6368963-DB62-442E-9E74-DAA71E2B100D}.Debug|x86.Build.0 = Debug|Any CPU
		{E6368963-DB62-442E-9E74-DAA71E2B100D}.Release|Any CPU.ActiveCfg = Release|Any CPU
		{E6368963-DB62-442E-9E74-DAA71E2B100D}.Release|Any CPU.Build.0 = Release|Any CPU
		{E6368963-DB62-442E-9E74-DAA71E2B100D}.Release|x86.ActiveCfg = Release|Any CPU
		{E6368963-DB62-442E-9E74-DAA71E2B100D}.Release|x86.Build.0 = Release|Any CPU
		{02C212FA-08CE-46D5-9332-F1E16105A823}.Debug|Any CPU.ActiveCfg = Debug|Any CPU
		{02C212FA-08CE-46D5-9332-F1E16105A823}.Debug|Any CPU.Build.0 = Debug|Any CPU
		{02C212FA-08CE-46D5-9332-F1E16105A823}.Debug|x86.ActiveCfg = Debug|Any CPU
		{02C212FA-08CE-46D5-9332-F1E16105A823}.Debug|x86.Build.0 = Debug|Any CPU
		{02C212FA-08CE-46D5-9332-F1E16105A823}.Release|Any CPU.ActiveCfg = Release|Any CPU
		{02C212FA-08CE-46D5-9332-F1E16105A823}.Release|Any CPU.Build.0 = Release|Any CPU
		{02C212FA-08CE-46D5-9332-F1E16105A823}.Release|x86.ActiveCfg = Release|Any CPU
		{02C212FA-08CE-46D5-9332-F1E16105A823}.Release|x86.Build.0 = Release|Any CPU
		{72D2C8A9-9E86-45D0-8EBF-D108AB21B4D5}.Debug|Any CPU.ActiveCfg = Debug|Any CPU
		{72D2C8A9-9E86-45D0-8EBF-D108AB21B4D5}.Debug|Any CPU.Build.0 = Debug|Any CPU
		{72D2C8A9-9E86-45D0-8EBF-D108AB21B4D5}.Debug|x86.ActiveCfg = Debug|Any CPU
		{72D2C8A9-9E86-45D0-8EBF-D108AB21B4D5}.Debug|x86.Build.0 = Debug|Any CPU
		{72D2C8A9-9E86-45D0-8EBF-D108AB21B4D5}.Release|Any CPU.ActiveCfg = Release|Any CPU
		{72D2C8A9-9E86-45D0-8EBF-D108AB21B4D5}.Release|Any CPU.Build.0 = Release|Any CPU
		{72D2C8A9-9E86-45D0-8EBF-D108AB21B4D5}.Release|x86.ActiveCfg = Release|Any CPU
		{72D2C8A9-9E86-45D0-8EBF-D108AB21B4D5}.Release|x86.Build.0 = Release|Any CPU
		{1A02276C-98CF-40B9-BAB8-76A525688B0A}.Debug|Any CPU.ActiveCfg = Debug|Any CPU
		{1A02276C-98CF-40B9-BAB8-76A525688B0A}.Debug|Any CPU.Build.0 = Debug|Any CPU
		{1A02276C-98CF-40B9-BAB8-76A525688B0A}.Debug|x86.ActiveCfg = Debug|Any CPU
		{1A02276C-98CF-40B9-BAB8-76A525688B0A}.Debug|x86.Build.0 = Debug|Any CPU
		{1A02276C-98CF-40B9-BAB8-76A525688B0A}.Release|Any CPU.ActiveCfg = Release|Any CPU
		{1A02276C-98CF-40B9-BAB8-76A525688B0A}.Release|Any CPU.Build.0 = Release|Any CPU
		{1A02276C-98CF-40B9-BAB8-76A525688B0A}.Release|x86.ActiveCfg = Release|Any CPU
		{1A02276C-98CF-40B9-BAB8-76A525688B0A}.Release|x86.Build.0 = Release|Any CPU
		{6E5D4C5D-C001-4401-A746-0E507C7526ED}.Debug|Any CPU.ActiveCfg = Debug|Any CPU
		{6E5D4C5D-C001-4401-A746-0E507C7526ED}.Debug|Any CPU.Build.0 = Debug|Any CPU
		{6E5D4C5D-C001-4401-A746-0E507C7526ED}.Debug|x86.ActiveCfg = Debug|Any CPU
		{6E5D4C5D-C001-4401-A746-0E507C7526ED}.Debug|x86.Build.0 = Debug|Any CPU
		{6E5D4C5D-C001-4401-A746-0E507C7526ED}.Release|Any CPU.ActiveCfg = Release|Any CPU
		{6E5D4C5D-C001-4401-A746-0E507C7526ED}.Release|Any CPU.Build.0 = Release|Any CPU
		{6E5D4C5D-C001-4401-A746-0E507C7526ED}.Release|x86.ActiveCfg = Release|Any CPU
		{6E5D4C5D-C001-4401-A746-0E507C7526ED}.Release|x86.Build.0 = Release|Any CPU
		{EC574582-550F-4898-9CE4-D861A59C1AEE}.Debug|Any CPU.ActiveCfg = Debug|Any CPU
		{EC574582-550F-4898-9CE4-D861A59C1AEE}.Debug|Any CPU.Build.0 = Debug|Any CPU
		{EC574582-550F-4898-9CE4-D861A59C1AEE}.Debug|x86.ActiveCfg = Debug|Any CPU
		{EC574582-550F-4898-9CE4-D861A59C1AEE}.Debug|x86.Build.0 = Debug|Any CPU
		{EC574582-550F-4898-9CE4-D861A59C1AEE}.Release|Any CPU.ActiveCfg = Release|Any CPU
		{EC574582-550F-4898-9CE4-D861A59C1AEE}.Release|Any CPU.Build.0 = Release|Any CPU
		{EC574582-550F-4898-9CE4-D861A59C1AEE}.Release|x86.ActiveCfg = Release|Any CPU
		{EC574582-550F-4898-9CE4-D861A59C1AEE}.Release|x86.Build.0 = Release|Any CPU
		{71C28B63-7D5A-46E3-B43C-AA79FD7A0CF7}.Debug|Any CPU.ActiveCfg = Debug|Any CPU
		{71C28B63-7D5A-46E3-B43C-AA79FD7A0CF7}.Debug|Any CPU.Build.0 = Debug|Any CPU
		{71C28B63-7D5A-46E3-B43C-AA79FD7A0CF7}.Debug|x86.ActiveCfg = Debug|Any CPU
		{71C28B63-7D5A-46E3-B43C-AA79FD7A0CF7}.Debug|x86.Build.0 = Debug|Any CPU
		{71C28B63-7D5A-46E3-B43C-AA79FD7A0CF7}.Release|Any CPU.ActiveCfg = Release|Any CPU
		{71C28B63-7D5A-46E3-B43C-AA79FD7A0CF7}.Release|Any CPU.Build.0 = Release|Any CPU
		{71C28B63-7D5A-46E3-B43C-AA79FD7A0CF7}.Release|x86.ActiveCfg = Release|Any CPU
		{71C28B63-7D5A-46E3-B43C-AA79FD7A0CF7}.Release|x86.Build.0 = Release|Any CPU
		{F74E93D6-5B73-46B3-AE98-21B25FFD34D4}.Debug|Any CPU.ActiveCfg = Debug|Any CPU
		{F74E93D6-5B73-46B3-AE98-21B25FFD34D4}.Debug|Any CPU.Build.0 = Debug|Any CPU
		{F74E93D6-5B73-46B3-AE98-21B25FFD34D4}.Debug|x86.ActiveCfg = Debug|Any CPU
		{F74E93D6-5B73-46B3-AE98-21B25FFD34D4}.Debug|x86.Build.0 = Debug|Any CPU
		{F74E93D6-5B73-46B3-AE98-21B25FFD34D4}.Release|Any CPU.ActiveCfg = Release|Any CPU
		{F74E93D6-5B73-46B3-AE98-21B25FFD34D4}.Release|Any CPU.Build.0 = Release|Any CPU
		{F74E93D6-5B73-46B3-AE98-21B25FFD34D4}.Release|x86.ActiveCfg = Release|Any CPU
		{F74E93D6-5B73-46B3-AE98-21B25FFD34D4}.Release|x86.Build.0 = Release|Any CPU
		{52D00DFF-0870-4DE8-8F92-63171EF77E01}.Debug|Any CPU.ActiveCfg = Debug|Any CPU
		{52D00DFF-0870-4DE8-8F92-63171EF77E01}.Debug|Any CPU.Build.0 = Debug|Any CPU
		{52D00DFF-0870-4DE8-8F92-63171EF77E01}.Debug|x86.ActiveCfg = Debug|Any CPU
		{52D00DFF-0870-4DE8-8F92-63171EF77E01}.Debug|x86.Build.0 = Debug|Any CPU
		{52D00DFF-0870-4DE8-8F92-63171EF77E01}.Release|Any CPU.ActiveCfg = Release|Any CPU
		{52D00DFF-0870-4DE8-8F92-63171EF77E01}.Release|Any CPU.Build.0 = Release|Any CPU
		{52D00DFF-0870-4DE8-8F92-63171EF77E01}.Release|x86.ActiveCfg = Release|Any CPU
		{52D00DFF-0870-4DE8-8F92-63171EF77E01}.Release|x86.Build.0 = Release|Any CPU
		{2A9B8FBD-4AF2-427F-8151-B3660ECEB4D2}.Debug|Any CPU.ActiveCfg = Debug|Any CPU
		{2A9B8FBD-4AF2-427F-8151-B3660ECEB4D2}.Debug|Any CPU.Build.0 = Debug|Any CPU
		{2A9B8FBD-4AF2-427F-8151-B3660ECEB4D2}.Debug|x86.ActiveCfg = Debug|Any CPU
		{2A9B8FBD-4AF2-427F-8151-B3660ECEB4D2}.Debug|x86.Build.0 = Debug|Any CPU
		{2A9B8FBD-4AF2-427F-8151-B3660ECEB4D2}.Release|Any CPU.ActiveCfg = Release|Any CPU
		{2A9B8FBD-4AF2-427F-8151-B3660ECEB4D2}.Release|Any CPU.Build.0 = Release|Any CPU
		{2A9B8FBD-4AF2-427F-8151-B3660ECEB4D2}.Release|x86.ActiveCfg = Release|Any CPU
		{2A9B8FBD-4AF2-427F-8151-B3660ECEB4D2}.Release|x86.Build.0 = Release|Any CPU
		{0836F21C-C7E8-43C9-9216-258723F3E653}.Debug|Any CPU.ActiveCfg = Debug|Any CPU
		{0836F21C-C7E8-43C9-9216-258723F3E653}.Debug|Any CPU.Build.0 = Debug|Any CPU
		{0836F21C-C7E8-43C9-9216-258723F3E653}.Debug|x86.ActiveCfg = Debug|Any CPU
		{0836F21C-C7E8-43C9-9216-258723F3E653}.Debug|x86.Build.0 = Debug|Any CPU
		{0836F21C-C7E8-43C9-9216-258723F3E653}.Release|Any CPU.ActiveCfg = Release|Any CPU
		{0836F21C-C7E8-43C9-9216-258723F3E653}.Release|Any CPU.Build.0 = Release|Any CPU
		{0836F21C-C7E8-43C9-9216-258723F3E653}.Release|x86.ActiveCfg = Release|Any CPU
		{0836F21C-C7E8-43C9-9216-258723F3E653}.Release|x86.Build.0 = Release|Any CPU
		{E9905961-C8A6-4E1D-9359-69D0AEEBD2A0}.Debug|Any CPU.ActiveCfg = Debug|Any CPU
		{E9905961-C8A6-4E1D-9359-69D0AEEBD2A0}.Debug|Any CPU.Build.0 = Debug|Any CPU
		{E9905961-C8A6-4E1D-9359-69D0AEEBD2A0}.Debug|x86.ActiveCfg = Debug|Any CPU
		{E9905961-C8A6-4E1D-9359-69D0AEEBD2A0}.Debug|x86.Build.0 = Debug|Any CPU
		{E9905961-C8A6-4E1D-9359-69D0AEEBD2A0}.Release|Any CPU.ActiveCfg = Release|Any CPU
		{E9905961-C8A6-4E1D-9359-69D0AEEBD2A0}.Release|Any CPU.Build.0 = Release|Any CPU
		{E9905961-C8A6-4E1D-9359-69D0AEEBD2A0}.Release|x86.ActiveCfg = Release|Any CPU
		{E9905961-C8A6-4E1D-9359-69D0AEEBD2A0}.Release|x86.Build.0 = Release|Any CPU
		{8D753BEC-5E2A-4D75-96F1-581A8EA818D9}.Debug|Any CPU.ActiveCfg = Debug|Any CPU
		{8D753BEC-5E2A-4D75-96F1-581A8EA818D9}.Debug|Any CPU.Build.0 = Debug|Any CPU
		{8D753BEC-5E2A-4D75-96F1-581A8EA818D9}.Debug|x86.ActiveCfg = Debug|Any CPU
		{8D753BEC-5E2A-4D75-96F1-581A8EA818D9}.Debug|x86.Build.0 = Debug|Any CPU
		{8D753BEC-5E2A-4D75-96F1-581A8EA818D9}.Release|Any CPU.ActiveCfg = Release|Any CPU
		{8D753BEC-5E2A-4D75-96F1-581A8EA818D9}.Release|Any CPU.Build.0 = Release|Any CPU
		{8D753BEC-5E2A-4D75-96F1-581A8EA818D9}.Release|x86.ActiveCfg = Release|Any CPU
		{8D753BEC-5E2A-4D75-96F1-581A8EA818D9}.Release|x86.Build.0 = Release|Any CPU
		{734D276C-0A29-4869-AEA8-B32B75B7C85A}.Debug|Any CPU.ActiveCfg = Debug|Any CPU
		{734D276C-0A29-4869-AEA8-B32B75B7C85A}.Debug|Any CPU.Build.0 = Debug|Any CPU
		{734D276C-0A29-4869-AEA8-B32B75B7C85A}.Debug|x86.ActiveCfg = Debug|Any CPU
		{734D276C-0A29-4869-AEA8-B32B75B7C85A}.Debug|x86.Build.0 = Debug|Any CPU
		{734D276C-0A29-4869-AEA8-B32B75B7C85A}.Release|Any CPU.ActiveCfg = Release|Any CPU
		{734D276C-0A29-4869-AEA8-B32B75B7C85A}.Release|Any CPU.Build.0 = Release|Any CPU
		{734D276C-0A29-4869-AEA8-B32B75B7C85A}.Release|x86.ActiveCfg = Release|Any CPU
		{734D276C-0A29-4869-AEA8-B32B75B7C85A}.Release|x86.Build.0 = Release|Any CPU
		{1C2E9C8F-866F-4F4F-9788-C1E73D40FABC}.Debug|Any CPU.ActiveCfg = Debug|Any CPU
		{1C2E9C8F-866F-4F4F-9788-C1E73D40FABC}.Debug|Any CPU.Build.0 = Debug|Any CPU
		{1C2E9C8F-866F-4F4F-9788-C1E73D40FABC}.Debug|x86.ActiveCfg = Debug|Any CPU
		{1C2E9C8F-866F-4F4F-9788-C1E73D40FABC}.Debug|x86.Build.0 = Debug|Any CPU
		{1C2E9C8F-866F-4F4F-9788-C1E73D40FABC}.Release|Any CPU.ActiveCfg = Release|Any CPU
		{1C2E9C8F-866F-4F4F-9788-C1E73D40FABC}.Release|Any CPU.Build.0 = Release|Any CPU
		{1C2E9C8F-866F-4F4F-9788-C1E73D40FABC}.Release|x86.ActiveCfg = Release|Any CPU
		{1C2E9C8F-866F-4F4F-9788-C1E73D40FABC}.Release|x86.Build.0 = Release|Any CPU
		{64A7DA2D-37CA-4147-AF65-DA8C5E21F295}.Debug|Any CPU.ActiveCfg = Debug|Any CPU
		{64A7DA2D-37CA-4147-AF65-DA8C5E21F295}.Debug|Any CPU.Build.0 = Debug|Any CPU
		{64A7DA2D-37CA-4147-AF65-DA8C5E21F295}.Debug|x86.ActiveCfg = Debug|Any CPU
		{64A7DA2D-37CA-4147-AF65-DA8C5E21F295}.Debug|x86.Build.0 = Debug|Any CPU
		{64A7DA2D-37CA-4147-AF65-DA8C5E21F295}.Release|Any CPU.ActiveCfg = Release|Any CPU
		{64A7DA2D-37CA-4147-AF65-DA8C5E21F295}.Release|Any CPU.Build.0 = Release|Any CPU
		{64A7DA2D-37CA-4147-AF65-DA8C5E21F295}.Release|x86.ActiveCfg = Release|Any CPU
		{64A7DA2D-37CA-4147-AF65-DA8C5E21F295}.Release|x86.Build.0 = Release|Any CPU
		{2F527867-C64A-4DC4-A659-32AEEC194410}.Debug|Any CPU.ActiveCfg = Debug|Any CPU
		{2F527867-C64A-4DC4-A659-32AEEC194410}.Debug|Any CPU.Build.0 = Debug|Any CPU
		{2F527867-C64A-4DC4-A659-32AEEC194410}.Debug|x86.ActiveCfg = Debug|Any CPU
		{2F527867-C64A-4DC4-A659-32AEEC194410}.Debug|x86.Build.0 = Debug|Any CPU
		{2F527867-C64A-4DC4-A659-32AEEC194410}.Release|Any CPU.ActiveCfg = Release|Any CPU
		{2F527867-C64A-4DC4-A659-32AEEC194410}.Release|Any CPU.Build.0 = Release|Any CPU
		{2F527867-C64A-4DC4-A659-32AEEC194410}.Release|x86.ActiveCfg = Release|Any CPU
		{2F527867-C64A-4DC4-A659-32AEEC194410}.Release|x86.Build.0 = Release|Any CPU
		{323D216E-B25E-4998-A3E7-1571FE32AAE6}.Debug|Any CPU.ActiveCfg = Debug|Any CPU
		{323D216E-B25E-4998-A3E7-1571FE32AAE6}.Debug|Any CPU.Build.0 = Debug|Any CPU
		{323D216E-B25E-4998-A3E7-1571FE32AAE6}.Debug|x86.ActiveCfg = Debug|Any CPU
		{323D216E-B25E-4998-A3E7-1571FE32AAE6}.Debug|x86.Build.0 = Debug|Any CPU
		{323D216E-B25E-4998-A3E7-1571FE32AAE6}.Release|Any CPU.ActiveCfg = Release|Any CPU
		{323D216E-B25E-4998-A3E7-1571FE32AAE6}.Release|Any CPU.Build.0 = Release|Any CPU
		{323D216E-B25E-4998-A3E7-1571FE32AAE6}.Release|x86.ActiveCfg = Release|Any CPU
		{323D216E-B25E-4998-A3E7-1571FE32AAE6}.Release|x86.Build.0 = Release|Any CPU
		{C238E9E4-6FC0-4E0F-A91D-05C16891FC60}.Debug|Any CPU.ActiveCfg = Debug|Any CPU
		{C238E9E4-6FC0-4E0F-A91D-05C16891FC60}.Debug|Any CPU.Build.0 = Debug|Any CPU
		{C238E9E4-6FC0-4E0F-A91D-05C16891FC60}.Debug|x86.ActiveCfg = Debug|Any CPU
		{C238E9E4-6FC0-4E0F-A91D-05C16891FC60}.Debug|x86.Build.0 = Debug|Any CPU
		{C238E9E4-6FC0-4E0F-A91D-05C16891FC60}.Release|Any CPU.ActiveCfg = Release|Any CPU
		{C238E9E4-6FC0-4E0F-A91D-05C16891FC60}.Release|Any CPU.Build.0 = Release|Any CPU
		{C238E9E4-6FC0-4E0F-A91D-05C16891FC60}.Release|x86.ActiveCfg = Release|Any CPU
		{C238E9E4-6FC0-4E0F-A91D-05C16891FC60}.Release|x86.Build.0 = Release|Any CPU
		{10DB21FB-B323-4316-AF35-BBA54AFEE836}.Debug|Any CPU.ActiveCfg = Debug|Any CPU
		{10DB21FB-B323-4316-AF35-BBA54AFEE836}.Debug|Any CPU.Build.0 = Debug|Any CPU
		{10DB21FB-B323-4316-AF35-BBA54AFEE836}.Debug|x86.ActiveCfg = Debug|Any CPU
		{10DB21FB-B323-4316-AF35-BBA54AFEE836}.Debug|x86.Build.0 = Debug|Any CPU
		{10DB21FB-B323-4316-AF35-BBA54AFEE836}.Release|Any CPU.ActiveCfg = Release|Any CPU
		{10DB21FB-B323-4316-AF35-BBA54AFEE836}.Release|Any CPU.Build.0 = Release|Any CPU
		{10DB21FB-B323-4316-AF35-BBA54AFEE836}.Release|x86.ActiveCfg = Release|Any CPU
		{10DB21FB-B323-4316-AF35-BBA54AFEE836}.Release|x86.Build.0 = Release|Any CPU
		{5F1226B3-82F5-44A7-AD8C-BAB1BD3D4235}.Debug|Any CPU.ActiveCfg = Debug|Any CPU
		{5F1226B3-82F5-44A7-AD8C-BAB1BD3D4235}.Debug|Any CPU.Build.0 = Debug|Any CPU
		{5F1226B3-82F5-44A7-AD8C-BAB1BD3D4235}.Debug|x86.ActiveCfg = Debug|Any CPU
		{5F1226B3-82F5-44A7-AD8C-BAB1BD3D4235}.Debug|x86.Build.0 = Debug|Any CPU
		{5F1226B3-82F5-44A7-AD8C-BAB1BD3D4235}.Release|Any CPU.ActiveCfg = Release|Any CPU
		{5F1226B3-82F5-44A7-AD8C-BAB1BD3D4235}.Release|Any CPU.Build.0 = Release|Any CPU
		{5F1226B3-82F5-44A7-AD8C-BAB1BD3D4235}.Release|x86.ActiveCfg = Release|Any CPU
		{5F1226B3-82F5-44A7-AD8C-BAB1BD3D4235}.Release|x86.Build.0 = Release|Any CPU
		{39E410EA-C91B-4A1B-8178-8D1B517F8192}.Debug|Any CPU.ActiveCfg = Debug|Any CPU
		{39E410EA-C91B-4A1B-8178-8D1B517F8192}.Debug|Any CPU.Build.0 = Debug|Any CPU
		{39E410EA-C91B-4A1B-8178-8D1B517F8192}.Debug|x86.ActiveCfg = Debug|Any CPU
		{39E410EA-C91B-4A1B-8178-8D1B517F8192}.Debug|x86.Build.0 = Debug|Any CPU
		{39E410EA-C91B-4A1B-8178-8D1B517F8192}.Release|Any CPU.ActiveCfg = Release|Any CPU
		{39E410EA-C91B-4A1B-8178-8D1B517F8192}.Release|Any CPU.Build.0 = Release|Any CPU
		{39E410EA-C91B-4A1B-8178-8D1B517F8192}.Release|x86.ActiveCfg = Release|Any CPU
		{39E410EA-C91B-4A1B-8178-8D1B517F8192}.Release|x86.Build.0 = Release|Any CPU
		{7E5F6A5B-CDCD-4CCB-9619-1EDBDFD7581C}.Debug|Any CPU.ActiveCfg = Debug|Any CPU
		{7E5F6A5B-CDCD-4CCB-9619-1EDBDFD7581C}.Debug|Any CPU.Build.0 = Debug|Any CPU
		{7E5F6A5B-CDCD-4CCB-9619-1EDBDFD7581C}.Debug|x86.ActiveCfg = Debug|Any CPU
		{7E5F6A5B-CDCD-4CCB-9619-1EDBDFD7581C}.Debug|x86.Build.0 = Debug|Any CPU
		{7E5F6A5B-CDCD-4CCB-9619-1EDBDFD7581C}.Release|Any CPU.ActiveCfg = Release|Any CPU
		{7E5F6A5B-CDCD-4CCB-9619-1EDBDFD7581C}.Release|Any CPU.Build.0 = Release|Any CPU
		{7E5F6A5B-CDCD-4CCB-9619-1EDBDFD7581C}.Release|x86.ActiveCfg = Release|Any CPU
		{7E5F6A5B-CDCD-4CCB-9619-1EDBDFD7581C}.Release|x86.Build.0 = Release|Any CPU
		{CC6A088F-8D82-459C-962E-4D61DD0B2B89}.Debug|Any CPU.ActiveCfg = Debug|Any CPU
		{CC6A088F-8D82-459C-962E-4D61DD0B2B89}.Debug|Any CPU.Build.0 = Debug|Any CPU
		{CC6A088F-8D82-459C-962E-4D61DD0B2B89}.Debug|x86.ActiveCfg = Debug|Any CPU
		{CC6A088F-8D82-459C-962E-4D61DD0B2B89}.Debug|x86.Build.0 = Debug|Any CPU
		{CC6A088F-8D82-459C-962E-4D61DD0B2B89}.Release|Any CPU.ActiveCfg = Release|Any CPU
		{CC6A088F-8D82-459C-962E-4D61DD0B2B89}.Release|Any CPU.Build.0 = Release|Any CPU
		{CC6A088F-8D82-459C-962E-4D61DD0B2B89}.Release|x86.ActiveCfg = Release|Any CPU
		{CC6A088F-8D82-459C-962E-4D61DD0B2B89}.Release|x86.Build.0 = Release|Any CPU
		{FC7FF615-0BFB-4600-9F32-D7CAEBDFD9D2}.Debug|Any CPU.ActiveCfg = Debug|Any CPU
		{FC7FF615-0BFB-4600-9F32-D7CAEBDFD9D2}.Debug|Any CPU.Build.0 = Debug|Any CPU
		{FC7FF615-0BFB-4600-9F32-D7CAEBDFD9D2}.Debug|x86.ActiveCfg = Debug|Any CPU
		{FC7FF615-0BFB-4600-9F32-D7CAEBDFD9D2}.Debug|x86.Build.0 = Debug|Any CPU
		{FC7FF615-0BFB-4600-9F32-D7CAEBDFD9D2}.Release|Any CPU.ActiveCfg = Release|Any CPU
		{FC7FF615-0BFB-4600-9F32-D7CAEBDFD9D2}.Release|Any CPU.Build.0 = Release|Any CPU
		{FC7FF615-0BFB-4600-9F32-D7CAEBDFD9D2}.Release|x86.ActiveCfg = Release|Any CPU
		{FC7FF615-0BFB-4600-9F32-D7CAEBDFD9D2}.Release|x86.Build.0 = Release|Any CPU
		{7FDF11E8-0F9F-4C56-B266-6FB37090D5B5}.Debug|Any CPU.ActiveCfg = Debug|Any CPU
		{7FDF11E8-0F9F-4C56-B266-6FB37090D5B5}.Debug|Any CPU.Build.0 = Debug|Any CPU
		{7FDF11E8-0F9F-4C56-B266-6FB37090D5B5}.Debug|x86.ActiveCfg = Debug|Any CPU
		{7FDF11E8-0F9F-4C56-B266-6FB37090D5B5}.Debug|x86.Build.0 = Debug|Any CPU
		{7FDF11E8-0F9F-4C56-B266-6FB37090D5B5}.Release|Any CPU.ActiveCfg = Release|Any CPU
		{7FDF11E8-0F9F-4C56-B266-6FB37090D5B5}.Release|Any CPU.Build.0 = Release|Any CPU
		{7FDF11E8-0F9F-4C56-B266-6FB37090D5B5}.Release|x86.ActiveCfg = Release|Any CPU
		{7FDF11E8-0F9F-4C56-B266-6FB37090D5B5}.Release|x86.Build.0 = Release|Any CPU
		{493693DB-397A-46C5-B1BE-565903E7BED9}.Debug|Any CPU.ActiveCfg = Debug|Any CPU
		{493693DB-397A-46C5-B1BE-565903E7BED9}.Debug|Any CPU.Build.0 = Debug|Any CPU
		{493693DB-397A-46C5-B1BE-565903E7BED9}.Debug|x86.ActiveCfg = Debug|Any CPU
		{493693DB-397A-46C5-B1BE-565903E7BED9}.Debug|x86.Build.0 = Debug|Any CPU
		{493693DB-397A-46C5-B1BE-565903E7BED9}.Release|Any CPU.ActiveCfg = Release|Any CPU
		{493693DB-397A-46C5-B1BE-565903E7BED9}.Release|Any CPU.Build.0 = Release|Any CPU
		{493693DB-397A-46C5-B1BE-565903E7BED9}.Release|x86.ActiveCfg = Release|Any CPU
		{493693DB-397A-46C5-B1BE-565903E7BED9}.Release|x86.Build.0 = Release|Any CPU
		{F8390AF9-96E1-4068-95C1-6E42A35BF4D9}.Debug|Any CPU.ActiveCfg = Debug|Any CPU
		{F8390AF9-96E1-4068-95C1-6E42A35BF4D9}.Debug|Any CPU.Build.0 = Debug|Any CPU
		{F8390AF9-96E1-4068-95C1-6E42A35BF4D9}.Debug|x86.ActiveCfg = Debug|Any CPU
		{F8390AF9-96E1-4068-95C1-6E42A35BF4D9}.Debug|x86.Build.0 = Debug|Any CPU
		{F8390AF9-96E1-4068-95C1-6E42A35BF4D9}.Release|Any CPU.ActiveCfg = Release|Any CPU
		{F8390AF9-96E1-4068-95C1-6E42A35BF4D9}.Release|Any CPU.Build.0 = Release|Any CPU
		{F8390AF9-96E1-4068-95C1-6E42A35BF4D9}.Release|x86.ActiveCfg = Release|x86
		{F8390AF9-96E1-4068-95C1-6E42A35BF4D9}.Release|x86.Build.0 = Release|x86
		{167533A6-2A3C-4E31-81F6-AFC8A889D63D}.Debug|Any CPU.ActiveCfg = Debug|Any CPU
		{167533A6-2A3C-4E31-81F6-AFC8A889D63D}.Debug|Any CPU.Build.0 = Debug|Any CPU
		{167533A6-2A3C-4E31-81F6-AFC8A889D63D}.Debug|x86.ActiveCfg = Debug|Any CPU
		{167533A6-2A3C-4E31-81F6-AFC8A889D63D}.Debug|x86.Build.0 = Debug|Any CPU
		{167533A6-2A3C-4E31-81F6-AFC8A889D63D}.Release|Any CPU.ActiveCfg = Release|Any CPU
		{167533A6-2A3C-4E31-81F6-AFC8A889D63D}.Release|Any CPU.Build.0 = Release|Any CPU
		{167533A6-2A3C-4E31-81F6-AFC8A889D63D}.Release|x86.ActiveCfg = Release|Any CPU
		{167533A6-2A3C-4E31-81F6-AFC8A889D63D}.Release|x86.Build.0 = Release|Any CPU
		{FB65C3AC-3270-4E93-B3A1-A0A101C76BD5}.Debug|Any CPU.ActiveCfg = Debug|Any CPU
		{FB65C3AC-3270-4E93-B3A1-A0A101C76BD5}.Debug|Any CPU.Build.0 = Debug|Any CPU
		{FB65C3AC-3270-4E93-B3A1-A0A101C76BD5}.Debug|x86.ActiveCfg = Debug|Any CPU
		{FB65C3AC-3270-4E93-B3A1-A0A101C76BD5}.Debug|x86.Build.0 = Debug|Any CPU
		{FB65C3AC-3270-4E93-B3A1-A0A101C76BD5}.Release|Any CPU.ActiveCfg = Release|Any CPU
		{FB65C3AC-3270-4E93-B3A1-A0A101C76BD5}.Release|Any CPU.Build.0 = Release|Any CPU
		{FB65C3AC-3270-4E93-B3A1-A0A101C76BD5}.Release|x86.ActiveCfg = Release|x86
		{FB65C3AC-3270-4E93-B3A1-A0A101C76BD5}.Release|x86.Build.0 = Release|x86
		{CA5F5909-7505-4F81-9BEE-F17F008B1D4D}.Debug|Any CPU.ActiveCfg = Debug|Any CPU
		{CA5F5909-7505-4F81-9BEE-F17F008B1D4D}.Debug|Any CPU.Build.0 = Debug|Any CPU
		{CA5F5909-7505-4F81-9BEE-F17F008B1D4D}.Debug|x86.ActiveCfg = Debug|Any CPU
		{CA5F5909-7505-4F81-9BEE-F17F008B1D4D}.Debug|x86.Build.0 = Debug|Any CPU
		{CA5F5909-7505-4F81-9BEE-F17F008B1D4D}.Release|Any CPU.ActiveCfg = Release|Any CPU
		{CA5F5909-7505-4F81-9BEE-F17F008B1D4D}.Release|Any CPU.Build.0 = Release|Any CPU
		{CA5F5909-7505-4F81-9BEE-F17F008B1D4D}.Release|x86.ActiveCfg = Release|Any CPU
		{CA5F5909-7505-4F81-9BEE-F17F008B1D4D}.Release|x86.Build.0 = Release|Any CPU
		{9E07F30F-80F1-4D03-868C-443349A1C091}.Debug|Any CPU.ActiveCfg = Debug|Any CPU
		{9E07F30F-80F1-4D03-868C-443349A1C091}.Debug|Any CPU.Build.0 = Debug|Any CPU
		{9E07F30F-80F1-4D03-868C-443349A1C091}.Debug|x86.ActiveCfg = Debug|Any CPU
		{9E07F30F-80F1-4D03-868C-443349A1C091}.Debug|x86.Build.0 = Debug|Any CPU
		{9E07F30F-80F1-4D03-868C-443349A1C091}.Release|Any CPU.ActiveCfg = Release|Any CPU
		{9E07F30F-80F1-4D03-868C-443349A1C091}.Release|Any CPU.Build.0 = Release|Any CPU
		{9E07F30F-80F1-4D03-868C-443349A1C091}.Release|x86.ActiveCfg = Release|Any CPU
		{9E07F30F-80F1-4D03-868C-443349A1C091}.Release|x86.Build.0 = Release|Any CPU
		{35265DCB-DD5C-4249-A6B3-D5E2577E05EE}.Debug|Any CPU.ActiveCfg = Debug|Any CPU
		{35265DCB-DD5C-4249-A6B3-D5E2577E05EE}.Debug|Any CPU.Build.0 = Debug|Any CPU
		{35265DCB-DD5C-4249-A6B3-D5E2577E05EE}.Debug|x86.ActiveCfg = Debug|Any CPU
		{35265DCB-DD5C-4249-A6B3-D5E2577E05EE}.Debug|x86.Build.0 = Debug|Any CPU
		{35265DCB-DD5C-4249-A6B3-D5E2577E05EE}.Release|Any CPU.ActiveCfg = Release|Any CPU
		{35265DCB-DD5C-4249-A6B3-D5E2577E05EE}.Release|Any CPU.Build.0 = Release|Any CPU
		{35265DCB-DD5C-4249-A6B3-D5E2577E05EE}.Release|x86.ActiveCfg = Release|Any CPU
		{35265DCB-DD5C-4249-A6B3-D5E2577E05EE}.Release|x86.Build.0 = Release|Any CPU
		{28FBFD2C-9451-48D9-AD75-7D3D96C4C361}.Debug|Any CPU.ActiveCfg = Debug|Any CPU
		{28FBFD2C-9451-48D9-AD75-7D3D96C4C361}.Debug|Any CPU.Build.0 = Debug|Any CPU
		{28FBFD2C-9451-48D9-AD75-7D3D96C4C361}.Debug|x86.ActiveCfg = Debug|Any CPU
		{28FBFD2C-9451-48D9-AD75-7D3D96C4C361}.Debug|x86.Build.0 = Debug|Any CPU
		{28FBFD2C-9451-48D9-AD75-7D3D96C4C361}.Release|Any CPU.ActiveCfg = Release|Any CPU
		{28FBFD2C-9451-48D9-AD75-7D3D96C4C361}.Release|Any CPU.Build.0 = Release|Any CPU
		{28FBFD2C-9451-48D9-AD75-7D3D96C4C361}.Release|x86.ActiveCfg = Release|x86
		{28FBFD2C-9451-48D9-AD75-7D3D96C4C361}.Release|x86.Build.0 = Release|x86
		{D8CD09D5-4F9C-4631-8B2B-7738B7816808}.Debug|Any CPU.ActiveCfg = Debug|Any CPU
		{D8CD09D5-4F9C-4631-8B2B-7738B7816808}.Debug|Any CPU.Build.0 = Debug|Any CPU
		{D8CD09D5-4F9C-4631-8B2B-7738B7816808}.Debug|x86.ActiveCfg = Debug|Any CPU
		{D8CD09D5-4F9C-4631-8B2B-7738B7816808}.Debug|x86.Build.0 = Debug|Any CPU
		{D8CD09D5-4F9C-4631-8B2B-7738B7816808}.Release|Any CPU.ActiveCfg = Release|Any CPU
		{D8CD09D5-4F9C-4631-8B2B-7738B7816808}.Release|Any CPU.Build.0 = Release|Any CPU
		{D8CD09D5-4F9C-4631-8B2B-7738B7816808}.Release|x86.ActiveCfg = Release|Any CPU
		{D8CD09D5-4F9C-4631-8B2B-7738B7816808}.Release|x86.Build.0 = Release|Any CPU
		{A3938EB2-9E9E-48A4-864E-810D962708A6}.Debug|Any CPU.ActiveCfg = Debug|Any CPU
		{A3938EB2-9E9E-48A4-864E-810D962708A6}.Debug|Any CPU.Build.0 = Debug|Any CPU
		{A3938EB2-9E9E-48A4-864E-810D962708A6}.Debug|x86.ActiveCfg = Debug|Any CPU
		{A3938EB2-9E9E-48A4-864E-810D962708A6}.Debug|x86.Build.0 = Debug|Any CPU
		{A3938EB2-9E9E-48A4-864E-810D962708A6}.Release|Any CPU.ActiveCfg = Release|Any CPU
		{A3938EB2-9E9E-48A4-864E-810D962708A6}.Release|Any CPU.Build.0 = Release|Any CPU
		{A3938EB2-9E9E-48A4-864E-810D962708A6}.Release|x86.ActiveCfg = Release|x86
		{A3938EB2-9E9E-48A4-864E-810D962708A6}.Release|x86.Build.0 = Release|x86
		{7884E337-F21A-4DD1-A6B8-524A11EA337B}.Debug|Any CPU.ActiveCfg = Debug|Any CPU
		{7884E337-F21A-4DD1-A6B8-524A11EA337B}.Debug|Any CPU.Build.0 = Debug|Any CPU
		{7884E337-F21A-4DD1-A6B8-524A11EA337B}.Debug|x86.ActiveCfg = Debug|Any CPU
		{7884E337-F21A-4DD1-A6B8-524A11EA337B}.Debug|x86.Build.0 = Debug|Any CPU
		{7884E337-F21A-4DD1-A6B8-524A11EA337B}.Release|Any CPU.ActiveCfg = Release|Any CPU
		{7884E337-F21A-4DD1-A6B8-524A11EA337B}.Release|Any CPU.Build.0 = Release|Any CPU
		{7884E337-F21A-4DD1-A6B8-524A11EA337B}.Release|x86.ActiveCfg = Release|Any CPU
		{7884E337-F21A-4DD1-A6B8-524A11EA337B}.Release|x86.Build.0 = Release|Any CPU
		{1EA2F777-89B0-4CC9-9F21-DC7A14084245}.Debug|Any CPU.ActiveCfg = Debug|Any CPU
		{1EA2F777-89B0-4CC9-9F21-DC7A14084245}.Debug|Any CPU.Build.0 = Debug|Any CPU
		{1EA2F777-89B0-4CC9-9F21-DC7A14084245}.Debug|x86.ActiveCfg = Debug|Any CPU
		{1EA2F777-89B0-4CC9-9F21-DC7A14084245}.Debug|x86.Build.0 = Debug|Any CPU
		{1EA2F777-89B0-4CC9-9F21-DC7A14084245}.Release|Any CPU.ActiveCfg = Release|Any CPU
		{1EA2F777-89B0-4CC9-9F21-DC7A14084245}.Release|Any CPU.Build.0 = Release|Any CPU
		{1EA2F777-89B0-4CC9-9F21-DC7A14084245}.Release|x86.ActiveCfg = Release|x86
		{1EA2F777-89B0-4CC9-9F21-DC7A14084245}.Release|x86.Build.0 = Release|x86
		{8EAA73F6-DB79-406F-BDC5-3FD02B540559}.Debug|Any CPU.ActiveCfg = Debug|Any CPU
		{8EAA73F6-DB79-406F-BDC5-3FD02B540559}.Debug|Any CPU.Build.0 = Debug|Any CPU
		{8EAA73F6-DB79-406F-BDC5-3FD02B540559}.Debug|x86.ActiveCfg = Debug|Any CPU
		{8EAA73F6-DB79-406F-BDC5-3FD02B540559}.Debug|x86.Build.0 = Debug|Any CPU
		{8EAA73F6-DB79-406F-BDC5-3FD02B540559}.Release|Any CPU.ActiveCfg = Release|Any CPU
		{8EAA73F6-DB79-406F-BDC5-3FD02B540559}.Release|Any CPU.Build.0 = Release|Any CPU
		{8EAA73F6-DB79-406F-BDC5-3FD02B540559}.Release|x86.ActiveCfg = Release|Any CPU
		{8EAA73F6-DB79-406F-BDC5-3FD02B540559}.Release|x86.Build.0 = Release|Any CPU
		{88FBC86A-4FCF-4D18-A76E-4A9395382D62}.Debug|Any CPU.ActiveCfg = Debug|Any CPU
		{88FBC86A-4FCF-4D18-A76E-4A9395382D62}.Debug|Any CPU.Build.0 = Debug|Any CPU
		{88FBC86A-4FCF-4D18-A76E-4A9395382D62}.Debug|x86.ActiveCfg = Debug|Any CPU
		{88FBC86A-4FCF-4D18-A76E-4A9395382D62}.Debug|x86.Build.0 = Debug|Any CPU
		{88FBC86A-4FCF-4D18-A76E-4A9395382D62}.Release|Any CPU.ActiveCfg = Release|Any CPU
		{88FBC86A-4FCF-4D18-A76E-4A9395382D62}.Release|Any CPU.Build.0 = Release|Any CPU
		{88FBC86A-4FCF-4D18-A76E-4A9395382D62}.Release|x86.ActiveCfg = Release|Any CPU
		{88FBC86A-4FCF-4D18-A76E-4A9395382D62}.Release|x86.Build.0 = Release|Any CPU
		{E25E2B8D-EB4F-471D-A5AF-FCC0A1F3D44B}.Debug|Any CPU.ActiveCfg = Debug|Any CPU
		{E25E2B8D-EB4F-471D-A5AF-FCC0A1F3D44B}.Debug|Any CPU.Build.0 = Debug|Any CPU
		{E25E2B8D-EB4F-471D-A5AF-FCC0A1F3D44B}.Debug|x86.ActiveCfg = Debug|Any CPU
		{E25E2B8D-EB4F-471D-A5AF-FCC0A1F3D44B}.Debug|x86.Build.0 = Debug|Any CPU
		{E25E2B8D-EB4F-471D-A5AF-FCC0A1F3D44B}.Release|Any CPU.ActiveCfg = Release|Any CPU
		{E25E2B8D-EB4F-471D-A5AF-FCC0A1F3D44B}.Release|Any CPU.Build.0 = Release|Any CPU
		{E25E2B8D-EB4F-471D-A5AF-FCC0A1F3D44B}.Release|x86.ActiveCfg = Release|Any CPU
		{E25E2B8D-EB4F-471D-A5AF-FCC0A1F3D44B}.Release|x86.Build.0 = Release|Any CPU
		{E774031F-D914-41CB-98A3-8F74DB518E53}.Debug|Any CPU.ActiveCfg = Debug|Any CPU
		{E774031F-D914-41CB-98A3-8F74DB518E53}.Debug|Any CPU.Build.0 = Debug|Any CPU
		{E774031F-D914-41CB-98A3-8F74DB518E53}.Debug|x86.ActiveCfg = Debug|Any CPU
		{E774031F-D914-41CB-98A3-8F74DB518E53}.Debug|x86.Build.0 = Debug|Any CPU
		{E774031F-D914-41CB-98A3-8F74DB518E53}.Release|Any CPU.ActiveCfg = Release|Any CPU
		{E774031F-D914-41CB-98A3-8F74DB518E53}.Release|Any CPU.Build.0 = Release|Any CPU
		{E774031F-D914-41CB-98A3-8F74DB518E53}.Release|x86.ActiveCfg = Release|x86
		{E774031F-D914-41CB-98A3-8F74DB518E53}.Release|x86.Build.0 = Release|x86
		{A34593EC-711C-4CF0-85CD-315BAFE20961}.Debug|Any CPU.ActiveCfg = Debug|Any CPU
		{A34593EC-711C-4CF0-85CD-315BAFE20961}.Debug|Any CPU.Build.0 = Debug|Any CPU
		{A34593EC-711C-4CF0-85CD-315BAFE20961}.Debug|x86.ActiveCfg = Debug|Any CPU
		{A34593EC-711C-4CF0-85CD-315BAFE20961}.Debug|x86.Build.0 = Debug|Any CPU
		{A34593EC-711C-4CF0-85CD-315BAFE20961}.Release|Any CPU.ActiveCfg = Release|Any CPU
		{A34593EC-711C-4CF0-85CD-315BAFE20961}.Release|Any CPU.Build.0 = Release|Any CPU
		{A34593EC-711C-4CF0-85CD-315BAFE20961}.Release|x86.ActiveCfg = Release|x86
		{A34593EC-711C-4CF0-85CD-315BAFE20961}.Release|x86.Build.0 = Release|x86
		{8000D000-72E2-425C-A74D-379F2B1AEE01}.Debug|Any CPU.ActiveCfg = Debug|Any CPU
		{8000D000-72E2-425C-A74D-379F2B1AEE01}.Debug|Any CPU.Build.0 = Debug|Any CPU
		{8000D000-72E2-425C-A74D-379F2B1AEE01}.Debug|x86.ActiveCfg = Debug|Any CPU
		{8000D000-72E2-425C-A74D-379F2B1AEE01}.Debug|x86.Build.0 = Debug|Any CPU
		{8000D000-72E2-425C-A74D-379F2B1AEE01}.Release|Any CPU.ActiveCfg = Release|Any CPU
		{8000D000-72E2-425C-A74D-379F2B1AEE01}.Release|Any CPU.Build.0 = Release|Any CPU
		{8000D000-72E2-425C-A74D-379F2B1AEE01}.Release|x86.ActiveCfg = Release|x86
		{8000D000-72E2-425C-A74D-379F2B1AEE01}.Release|x86.Build.0 = Release|x86
		{A88CBC2F-D588-4D00-BB3B-C89C50B9465D}.Debug|Any CPU.ActiveCfg = Debug|Any CPU
		{A88CBC2F-D588-4D00-BB3B-C89C50B9465D}.Debug|Any CPU.Build.0 = Debug|Any CPU
		{A88CBC2F-D588-4D00-BB3B-C89C50B9465D}.Debug|x86.ActiveCfg = Debug|Any CPU
		{A88CBC2F-D588-4D00-BB3B-C89C50B9465D}.Debug|x86.Build.0 = Debug|Any CPU
		{A88CBC2F-D588-4D00-BB3B-C89C50B9465D}.Release|Any CPU.ActiveCfg = Release|Any CPU
		{A88CBC2F-D588-4D00-BB3B-C89C50B9465D}.Release|Any CPU.Build.0 = Release|Any CPU
		{A88CBC2F-D588-4D00-BB3B-C89C50B9465D}.Release|x86.ActiveCfg = Release|x86
		{A88CBC2F-D588-4D00-BB3B-C89C50B9465D}.Release|x86.Build.0 = Release|x86
		{F9AAEA0D-5B69-4482-B396-F5C08D99B3B6}.Debug|Any CPU.ActiveCfg = Debug|Any CPU
		{F9AAEA0D-5B69-4482-B396-F5C08D99B3B6}.Debug|Any CPU.Build.0 = Debug|Any CPU
		{F9AAEA0D-5B69-4482-B396-F5C08D99B3B6}.Debug|x86.ActiveCfg = Debug|Any CPU
		{F9AAEA0D-5B69-4482-B396-F5C08D99B3B6}.Debug|x86.Build.0 = Debug|Any CPU
		{F9AAEA0D-5B69-4482-B396-F5C08D99B3B6}.Release|Any CPU.ActiveCfg = Release|Any CPU
		{F9AAEA0D-5B69-4482-B396-F5C08D99B3B6}.Release|Any CPU.Build.0 = Release|Any CPU
		{F9AAEA0D-5B69-4482-B396-F5C08D99B3B6}.Release|x86.ActiveCfg = Release|x86
		{F9AAEA0D-5B69-4482-B396-F5C08D99B3B6}.Release|x86.Build.0 = Release|x86
		{5DE0823D-1A18-43EF-B3EC-13C66D7DB927}.Debug|Any CPU.ActiveCfg = Debug|Any CPU
		{5DE0823D-1A18-43EF-B3EC-13C66D7DB927}.Debug|Any CPU.Build.0 = Debug|Any CPU
		{5DE0823D-1A18-43EF-B3EC-13C66D7DB927}.Debug|x86.ActiveCfg = Debug|Any CPU
		{5DE0823D-1A18-43EF-B3EC-13C66D7DB927}.Debug|x86.Build.0 = Debug|Any CPU
		{5DE0823D-1A18-43EF-B3EC-13C66D7DB927}.Release|Any CPU.ActiveCfg = Release|Any CPU
		{5DE0823D-1A18-43EF-B3EC-13C66D7DB927}.Release|Any CPU.Build.0 = Release|Any CPU
		{5DE0823D-1A18-43EF-B3EC-13C66D7DB927}.Release|x86.ActiveCfg = Release|Any CPU
		{5DE0823D-1A18-43EF-B3EC-13C66D7DB927}.Release|x86.Build.0 = Release|Any CPU
		{6D816B6A-A8BD-4916-998B-77EED1BE5C95}.Debug|Any CPU.ActiveCfg = Debug|Any CPU
		{6D816B6A-A8BD-4916-998B-77EED1BE5C95}.Debug|Any CPU.Build.0 = Debug|Any CPU
		{6D816B6A-A8BD-4916-998B-77EED1BE5C95}.Debug|x86.ActiveCfg = Debug|Any CPU
		{6D816B6A-A8BD-4916-998B-77EED1BE5C95}.Debug|x86.Build.0 = Debug|Any CPU
		{6D816B6A-A8BD-4916-998B-77EED1BE5C95}.Release|Any CPU.ActiveCfg = Release|Any CPU
		{6D816B6A-A8BD-4916-998B-77EED1BE5C95}.Release|Any CPU.Build.0 = Release|Any CPU
		{6D816B6A-A8BD-4916-998B-77EED1BE5C95}.Release|x86.ActiveCfg = Release|x86
		{6D816B6A-A8BD-4916-998B-77EED1BE5C95}.Release|x86.Build.0 = Release|x86
		{4AFCF5B9-AA0F-43A8-942D-9C8F06D5052E}.Debug|Any CPU.ActiveCfg = Debug|Any CPU
		{4AFCF5B9-AA0F-43A8-942D-9C8F06D5052E}.Debug|Any CPU.Build.0 = Debug|Any CPU
		{4AFCF5B9-AA0F-43A8-942D-9C8F06D5052E}.Debug|x86.ActiveCfg = Debug|Any CPU
		{4AFCF5B9-AA0F-43A8-942D-9C8F06D5052E}.Debug|x86.Build.0 = Debug|Any CPU
		{4AFCF5B9-AA0F-43A8-942D-9C8F06D5052E}.Release|Any CPU.ActiveCfg = Release|Any CPU
		{4AFCF5B9-AA0F-43A8-942D-9C8F06D5052E}.Release|Any CPU.Build.0 = Release|Any CPU
		{4AFCF5B9-AA0F-43A8-942D-9C8F06D5052E}.Release|x86.ActiveCfg = Release|x86
		{4AFCF5B9-AA0F-43A8-942D-9C8F06D5052E}.Release|x86.Build.0 = Release|x86
		{9786F822-8320-432A-B1CD-9416A4B4A14E}.Debug|Any CPU.ActiveCfg = Debug|Any CPU
		{9786F822-8320-432A-B1CD-9416A4B4A14E}.Debug|Any CPU.Build.0 = Debug|Any CPU
		{9786F822-8320-432A-B1CD-9416A4B4A14E}.Debug|x86.ActiveCfg = Debug|Any CPU
		{9786F822-8320-432A-B1CD-9416A4B4A14E}.Debug|x86.Build.0 = Debug|Any CPU
		{9786F822-8320-432A-B1CD-9416A4B4A14E}.Release|Any CPU.ActiveCfg = Release|Any CPU
		{9786F822-8320-432A-B1CD-9416A4B4A14E}.Release|Any CPU.Build.0 = Release|Any CPU
		{9786F822-8320-432A-B1CD-9416A4B4A14E}.Release|x86.ActiveCfg = Release|x86
		{9786F822-8320-432A-B1CD-9416A4B4A14E}.Release|x86.Build.0 = Release|x86
		{4A98C60B-FB27-4EE7-9D45-F481249E393C}.Debug|Any CPU.ActiveCfg = Debug|Any CPU
		{4A98C60B-FB27-4EE7-9D45-F481249E393C}.Debug|Any CPU.Build.0 = Debug|Any CPU
		{4A98C60B-FB27-4EE7-9D45-F481249E393C}.Debug|x86.ActiveCfg = Debug|Any CPU
		{4A98C60B-FB27-4EE7-9D45-F481249E393C}.Debug|x86.Build.0 = Debug|Any CPU
		{4A98C60B-FB27-4EE7-9D45-F481249E393C}.Release|Any CPU.ActiveCfg = Release|Any CPU
		{4A98C60B-FB27-4EE7-9D45-F481249E393C}.Release|Any CPU.Build.0 = Release|Any CPU
		{4A98C60B-FB27-4EE7-9D45-F481249E393C}.Release|x86.ActiveCfg = Release|x86
		{4A98C60B-FB27-4EE7-9D45-F481249E393C}.Release|x86.Build.0 = Release|x86
		{805F9F9D-A958-4AA3-9BC7-020A47587C33}.Debug|Any CPU.ActiveCfg = Debug|Any CPU
		{805F9F9D-A958-4AA3-9BC7-020A47587C33}.Debug|Any CPU.Build.0 = Debug|Any CPU
		{805F9F9D-A958-4AA3-9BC7-020A47587C33}.Debug|x86.ActiveCfg = Debug|Any CPU
		{805F9F9D-A958-4AA3-9BC7-020A47587C33}.Debug|x86.Build.0 = Debug|Any CPU
		{805F9F9D-A958-4AA3-9BC7-020A47587C33}.Release|Any CPU.ActiveCfg = Release|Any CPU
		{805F9F9D-A958-4AA3-9BC7-020A47587C33}.Release|Any CPU.Build.0 = Release|Any CPU
		{805F9F9D-A958-4AA3-9BC7-020A47587C33}.Release|x86.ActiveCfg = Release|Any CPU
		{805F9F9D-A958-4AA3-9BC7-020A47587C33}.Release|x86.Build.0 = Release|Any CPU
		{679D7C1A-793E-4526-8462-F9B9CC7C69AF}.Debug|Any CPU.ActiveCfg = Debug|Any CPU
		{679D7C1A-793E-4526-8462-F9B9CC7C69AF}.Debug|Any CPU.Build.0 = Debug|Any CPU
		{679D7C1A-793E-4526-8462-F9B9CC7C69AF}.Debug|x86.ActiveCfg = Debug|Any CPU
		{679D7C1A-793E-4526-8462-F9B9CC7C69AF}.Debug|x86.Build.0 = Debug|Any CPU
		{679D7C1A-793E-4526-8462-F9B9CC7C69AF}.Release|Any CPU.ActiveCfg = Release|Any CPU
		{679D7C1A-793E-4526-8462-F9B9CC7C69AF}.Release|Any CPU.Build.0 = Release|Any CPU
		{679D7C1A-793E-4526-8462-F9B9CC7C69AF}.Release|x86.ActiveCfg = Release|x86
		{679D7C1A-793E-4526-8462-F9B9CC7C69AF}.Release|x86.Build.0 = Release|x86
		{77E14B98-FED6-4992-A8F8-F592B57E336B}.Debug|Any CPU.ActiveCfg = Debug|Any CPU
		{77E14B98-FED6-4992-A8F8-F592B57E336B}.Debug|Any CPU.Build.0 = Debug|Any CPU
		{77E14B98-FED6-4992-A8F8-F592B57E336B}.Debug|x86.ActiveCfg = Debug|Any CPU
		{77E14B98-FED6-4992-A8F8-F592B57E336B}.Debug|x86.Build.0 = Debug|Any CPU
		{77E14B98-FED6-4992-A8F8-F592B57E336B}.Release|Any CPU.ActiveCfg = Release|Any CPU
		{77E14B98-FED6-4992-A8F8-F592B57E336B}.Release|Any CPU.Build.0 = Release|Any CPU
		{77E14B98-FED6-4992-A8F8-F592B57E336B}.Release|x86.ActiveCfg = Release|x86
		{77E14B98-FED6-4992-A8F8-F592B57E336B}.Release|x86.Build.0 = Release|x86
		{22DA857F-C060-4E05-8FF5-A91129B89910}.Debug|Any CPU.ActiveCfg = Debug|Any CPU
		{22DA857F-C060-4E05-8FF5-A91129B89910}.Debug|Any CPU.Build.0 = Debug|Any CPU
		{22DA857F-C060-4E05-8FF5-A91129B89910}.Debug|x86.ActiveCfg = Debug|Any CPU
		{22DA857F-C060-4E05-8FF5-A91129B89910}.Debug|x86.Build.0 = Debug|Any CPU
		{22DA857F-C060-4E05-8FF5-A91129B89910}.Release|Any CPU.ActiveCfg = Release|Any CPU
		{22DA857F-C060-4E05-8FF5-A91129B89910}.Release|Any CPU.Build.0 = Release|Any CPU
		{22DA857F-C060-4E05-8FF5-A91129B89910}.Release|x86.ActiveCfg = Release|x86
		{22DA857F-C060-4E05-8FF5-A91129B89910}.Release|x86.Build.0 = Release|x86
		{FE94815D-4A2B-4EC7-B1BB-D58DC722ABE0}.Debug|Any CPU.ActiveCfg = Debug|Any CPU
		{FE94815D-4A2B-4EC7-B1BB-D58DC722ABE0}.Debug|Any CPU.Build.0 = Debug|Any CPU
		{FE94815D-4A2B-4EC7-B1BB-D58DC722ABE0}.Debug|x86.ActiveCfg = Debug|Any CPU
		{FE94815D-4A2B-4EC7-B1BB-D58DC722ABE0}.Debug|x86.Build.0 = Debug|Any CPU
		{FE94815D-4A2B-4EC7-B1BB-D58DC722ABE0}.Release|Any CPU.ActiveCfg = Release|Any CPU
		{FE94815D-4A2B-4EC7-B1BB-D58DC722ABE0}.Release|Any CPU.Build.0 = Release|Any CPU
		{FE94815D-4A2B-4EC7-B1BB-D58DC722ABE0}.Release|x86.ActiveCfg = Release|x86
		{FE94815D-4A2B-4EC7-B1BB-D58DC722ABE0}.Release|x86.Build.0 = Release|x86
		{B3FE2089-B9BC-45D5-AFDD-8521F7937066}.Debug|Any CPU.ActiveCfg = Debug|Any CPU
		{B3FE2089-B9BC-45D5-AFDD-8521F7937066}.Debug|Any CPU.Build.0 = Debug|Any CPU
		{B3FE2089-B9BC-45D5-AFDD-8521F7937066}.Debug|x86.ActiveCfg = Debug|Any CPU
		{B3FE2089-B9BC-45D5-AFDD-8521F7937066}.Debug|x86.Build.0 = Debug|Any CPU
		{B3FE2089-B9BC-45D5-AFDD-8521F7937066}.Release|Any CPU.ActiveCfg = Release|Any CPU
		{B3FE2089-B9BC-45D5-AFDD-8521F7937066}.Release|Any CPU.Build.0 = Release|Any CPU
		{B3FE2089-B9BC-45D5-AFDD-8521F7937066}.Release|x86.ActiveCfg = Release|x86
		{B3FE2089-B9BC-45D5-AFDD-8521F7937066}.Release|x86.Build.0 = Release|x86
		{7117417B-AAD2-4F2D-BF87-F36FD7665201}.Debug|Any CPU.ActiveCfg = Debug|Any CPU
		{7117417B-AAD2-4F2D-BF87-F36FD7665201}.Debug|Any CPU.Build.0 = Debug|Any CPU
		{7117417B-AAD2-4F2D-BF87-F36FD7665201}.Debug|x86.ActiveCfg = Debug|Any CPU
		{7117417B-AAD2-4F2D-BF87-F36FD7665201}.Debug|x86.Build.0 = Debug|Any CPU
		{7117417B-AAD2-4F2D-BF87-F36FD7665201}.Release|Any CPU.ActiveCfg = Release|Any CPU
		{7117417B-AAD2-4F2D-BF87-F36FD7665201}.Release|Any CPU.Build.0 = Release|Any CPU
		{7117417B-AAD2-4F2D-BF87-F36FD7665201}.Release|x86.ActiveCfg = Release|x86
		{7117417B-AAD2-4F2D-BF87-F36FD7665201}.Release|x86.Build.0 = Release|x86
		{8C53DBFC-EC49-455F-814A-1AEC18C01E88}.Debug|Any CPU.ActiveCfg = Debug|Any CPU
		{8C53DBFC-EC49-455F-814A-1AEC18C01E88}.Debug|Any CPU.Build.0 = Debug|Any CPU
		{8C53DBFC-EC49-455F-814A-1AEC18C01E88}.Debug|x86.ActiveCfg = Debug|Any CPU
		{8C53DBFC-EC49-455F-814A-1AEC18C01E88}.Debug|x86.Build.0 = Debug|Any CPU
		{8C53DBFC-EC49-455F-814A-1AEC18C01E88}.Release|Any CPU.ActiveCfg = Release|Any CPU
		{8C53DBFC-EC49-455F-814A-1AEC18C01E88}.Release|Any CPU.Build.0 = Release|Any CPU
		{8C53DBFC-EC49-455F-814A-1AEC18C01E88}.Release|x86.ActiveCfg = Release|x86
		{8C53DBFC-EC49-455F-814A-1AEC18C01E88}.Release|x86.Build.0 = Release|x86
		{F155980D-2B36-4397-98A1-72CBB3A048FB}.Debug|Any CPU.ActiveCfg = Debug|Any CPU
		{F155980D-2B36-4397-98A1-72CBB3A048FB}.Debug|Any CPU.Build.0 = Debug|Any CPU
		{F155980D-2B36-4397-98A1-72CBB3A048FB}.Debug|x86.ActiveCfg = Debug|Any CPU
		{F155980D-2B36-4397-98A1-72CBB3A048FB}.Debug|x86.Build.0 = Debug|Any CPU
		{F155980D-2B36-4397-98A1-72CBB3A048FB}.Release|Any CPU.ActiveCfg = Release|Any CPU
		{F155980D-2B36-4397-98A1-72CBB3A048FB}.Release|Any CPU.Build.0 = Release|Any CPU
		{F155980D-2B36-4397-98A1-72CBB3A048FB}.Release|x86.ActiveCfg = Release|Any CPU
		{F155980D-2B36-4397-98A1-72CBB3A048FB}.Release|x86.Build.0 = Release|Any CPU
		{84C3A439-AF4A-440D-91D8-1BA1B2BEE8BA}.Debug|Any CPU.ActiveCfg = Debug|Any CPU
		{84C3A439-AF4A-440D-91D8-1BA1B2BEE8BA}.Debug|Any CPU.Build.0 = Debug|Any CPU
		{84C3A439-AF4A-440D-91D8-1BA1B2BEE8BA}.Debug|x86.ActiveCfg = Debug|Any CPU
		{84C3A439-AF4A-440D-91D8-1BA1B2BEE8BA}.Debug|x86.Build.0 = Debug|Any CPU
		{84C3A439-AF4A-440D-91D8-1BA1B2BEE8BA}.Release|Any CPU.ActiveCfg = Release|Any CPU
		{84C3A439-AF4A-440D-91D8-1BA1B2BEE8BA}.Release|Any CPU.Build.0 = Release|Any CPU
		{84C3A439-AF4A-440D-91D8-1BA1B2BEE8BA}.Release|x86.ActiveCfg = Release|x86
		{84C3A439-AF4A-440D-91D8-1BA1B2BEE8BA}.Release|x86.Build.0 = Release|x86
		{D3FD7B5C-95D0-49D4-8CBD-CC949D3B2631}.Debug|Any CPU.ActiveCfg = Debug|Any CPU
		{D3FD7B5C-95D0-49D4-8CBD-CC949D3B2631}.Debug|Any CPU.Build.0 = Debug|Any CPU
		{D3FD7B5C-95D0-49D4-8CBD-CC949D3B2631}.Debug|x86.ActiveCfg = Debug|Any CPU
		{D3FD7B5C-95D0-49D4-8CBD-CC949D3B2631}.Debug|x86.Build.0 = Debug|Any CPU
		{D3FD7B5C-95D0-49D4-8CBD-CC949D3B2631}.Release|Any CPU.ActiveCfg = Release|Any CPU
		{D3FD7B5C-95D0-49D4-8CBD-CC949D3B2631}.Release|Any CPU.Build.0 = Release|Any CPU
		{D3FD7B5C-95D0-49D4-8CBD-CC949D3B2631}.Release|x86.ActiveCfg = Release|Any CPU
		{D3FD7B5C-95D0-49D4-8CBD-CC949D3B2631}.Release|x86.Build.0 = Release|Any CPU
		{706E9519-6CB3-4BB7-839F-0650E865A601}.Debug|Any CPU.ActiveCfg = Debug|Any CPU
		{706E9519-6CB3-4BB7-839F-0650E865A601}.Debug|Any CPU.Build.0 = Debug|Any CPU
		{706E9519-6CB3-4BB7-839F-0650E865A601}.Debug|x86.ActiveCfg = Debug|Any CPU
		{706E9519-6CB3-4BB7-839F-0650E865A601}.Debug|x86.Build.0 = Debug|Any CPU
		{706E9519-6CB3-4BB7-839F-0650E865A601}.Release|Any CPU.ActiveCfg = Release|Any CPU
		{706E9519-6CB3-4BB7-839F-0650E865A601}.Release|Any CPU.Build.0 = Release|Any CPU
		{706E9519-6CB3-4BB7-839F-0650E865A601}.Release|x86.ActiveCfg = Release|Any CPU
		{706E9519-6CB3-4BB7-839F-0650E865A601}.Release|x86.Build.0 = Release|Any CPU
		{FC6BF3F1-3FB2-4007-97DA-2EB8FE0C886B}.Debug|Any CPU.ActiveCfg = Debug|Any CPU
		{FC6BF3F1-3FB2-4007-97DA-2EB8FE0C886B}.Debug|Any CPU.Build.0 = Debug|Any CPU
		{FC6BF3F1-3FB2-4007-97DA-2EB8FE0C886B}.Debug|x86.ActiveCfg = Debug|Any CPU
		{FC6BF3F1-3FB2-4007-97DA-2EB8FE0C886B}.Debug|x86.Build.0 = Debug|Any CPU
		{FC6BF3F1-3FB2-4007-97DA-2EB8FE0C886B}.Release|Any CPU.ActiveCfg = Release|Any CPU
		{FC6BF3F1-3FB2-4007-97DA-2EB8FE0C886B}.Release|Any CPU.Build.0 = Release|Any CPU
		{FC6BF3F1-3FB2-4007-97DA-2EB8FE0C886B}.Release|x86.ActiveCfg = Release|Any CPU
		{FC6BF3F1-3FB2-4007-97DA-2EB8FE0C886B}.Release|x86.Build.0 = Release|Any CPU
		{AA698322-7C15-4728-A6D6-51BE5F7108BC}.Debug|Any CPU.ActiveCfg = Debug|Any CPU
		{AA698322-7C15-4728-A6D6-51BE5F7108BC}.Debug|Any CPU.Build.0 = Debug|Any CPU
		{AA698322-7C15-4728-A6D6-51BE5F7108BC}.Debug|x86.ActiveCfg = Debug|Any CPU
		{AA698322-7C15-4728-A6D6-51BE5F7108BC}.Debug|x86.Build.0 = Debug|Any CPU
		{AA698322-7C15-4728-A6D6-51BE5F7108BC}.Release|Any CPU.ActiveCfg = Release|Any CPU
		{AA698322-7C15-4728-A6D6-51BE5F7108BC}.Release|Any CPU.Build.0 = Release|Any CPU
		{AA698322-7C15-4728-A6D6-51BE5F7108BC}.Release|x86.ActiveCfg = Release|Any CPU
		{AA698322-7C15-4728-A6D6-51BE5F7108BC}.Release|x86.Build.0 = Release|Any CPU
		{9B8D4756-50DC-4FF4-8924-854EA130B0AC}.Debug|Any CPU.ActiveCfg = Debug|Any CPU
		{9B8D4756-50DC-4FF4-8924-854EA130B0AC}.Debug|Any CPU.Build.0 = Debug|Any CPU
		{9B8D4756-50DC-4FF4-8924-854EA130B0AC}.Debug|x86.ActiveCfg = Debug|Any CPU
		{9B8D4756-50DC-4FF4-8924-854EA130B0AC}.Debug|x86.Build.0 = Debug|Any CPU
		{9B8D4756-50DC-4FF4-8924-854EA130B0AC}.Release|Any CPU.ActiveCfg = Release|Any CPU
		{9B8D4756-50DC-4FF4-8924-854EA130B0AC}.Release|Any CPU.Build.0 = Release|Any CPU
		{9B8D4756-50DC-4FF4-8924-854EA130B0AC}.Release|x86.ActiveCfg = Release|Any CPU
		{9B8D4756-50DC-4FF4-8924-854EA130B0AC}.Release|x86.Build.0 = Release|Any CPU
		{7D3ED265-A2D2-4FBA-AE99-4CB433822BCD}.Debug|Any CPU.ActiveCfg = Debug|Any CPU
		{7D3ED265-A2D2-4FBA-AE99-4CB433822BCD}.Debug|Any CPU.Build.0 = Debug|Any CPU
		{7D3ED265-A2D2-4FBA-AE99-4CB433822BCD}.Debug|x86.ActiveCfg = Debug|Any CPU
		{7D3ED265-A2D2-4FBA-AE99-4CB433822BCD}.Debug|x86.Build.0 = Debug|Any CPU
		{7D3ED265-A2D2-4FBA-AE99-4CB433822BCD}.Release|Any CPU.ActiveCfg = Release|Any CPU
		{7D3ED265-A2D2-4FBA-AE99-4CB433822BCD}.Release|Any CPU.Build.0 = Release|Any CPU
		{7D3ED265-A2D2-4FBA-AE99-4CB433822BCD}.Release|x86.ActiveCfg = Release|Any CPU
		{7D3ED265-A2D2-4FBA-AE99-4CB433822BCD}.Release|x86.Build.0 = Release|Any CPU
		{C301A951-323B-4241-8C76-B2B166254F7E}.Debug|Any CPU.ActiveCfg = Debug|Any CPU
		{C301A951-323B-4241-8C76-B2B166254F7E}.Debug|Any CPU.Build.0 = Debug|Any CPU
		{C301A951-323B-4241-8C76-B2B166254F7E}.Debug|x86.ActiveCfg = Debug|Any CPU
		{C301A951-323B-4241-8C76-B2B166254F7E}.Debug|x86.Build.0 = Debug|Any CPU
		{C301A951-323B-4241-8C76-B2B166254F7E}.Release|Any CPU.ActiveCfg = Release|Any CPU
		{C301A951-323B-4241-8C76-B2B166254F7E}.Release|Any CPU.Build.0 = Release|Any CPU
		{C301A951-323B-4241-8C76-B2B166254F7E}.Release|x86.ActiveCfg = Release|x86
		{C301A951-323B-4241-8C76-B2B166254F7E}.Release|x86.Build.0 = Release|x86
		{C7D1A8D6-FA42-4D2F-8E2A-A5C9325277A7}.Debug|Any CPU.ActiveCfg = Debug|Any CPU
		{C7D1A8D6-FA42-4D2F-8E2A-A5C9325277A7}.Debug|Any CPU.Build.0 = Debug|Any CPU
		{C7D1A8D6-FA42-4D2F-8E2A-A5C9325277A7}.Debug|x86.ActiveCfg = Debug|Any CPU
		{C7D1A8D6-FA42-4D2F-8E2A-A5C9325277A7}.Debug|x86.Build.0 = Debug|Any CPU
		{C7D1A8D6-FA42-4D2F-8E2A-A5C9325277A7}.Release|Any CPU.ActiveCfg = Release|Any CPU
		{C7D1A8D6-FA42-4D2F-8E2A-A5C9325277A7}.Release|Any CPU.Build.0 = Release|Any CPU
		{C7D1A8D6-FA42-4D2F-8E2A-A5C9325277A7}.Release|x86.ActiveCfg = Release|Any CPU
		{C7D1A8D6-FA42-4D2F-8E2A-A5C9325277A7}.Release|x86.Build.0 = Release|Any CPU
		{B4CE72B5-6ABA-46D2-8A5A-188C7B0C5012}.Debug|Any CPU.ActiveCfg = Debug|Any CPU
		{B4CE72B5-6ABA-46D2-8A5A-188C7B0C5012}.Debug|Any CPU.Build.0 = Debug|Any CPU
		{B4CE72B5-6ABA-46D2-8A5A-188C7B0C5012}.Debug|x86.ActiveCfg = Debug|Any CPU
		{B4CE72B5-6ABA-46D2-8A5A-188C7B0C5012}.Debug|x86.Build.0 = Debug|Any CPU
		{B4CE72B5-6ABA-46D2-8A5A-188C7B0C5012}.Release|Any CPU.ActiveCfg = Release|Any CPU
		{B4CE72B5-6ABA-46D2-8A5A-188C7B0C5012}.Release|Any CPU.Build.0 = Release|Any CPU
		{B4CE72B5-6ABA-46D2-8A5A-188C7B0C5012}.Release|x86.ActiveCfg = Release|Any CPU
		{B4CE72B5-6ABA-46D2-8A5A-188C7B0C5012}.Release|x86.Build.0 = Release|Any CPU
		{9A3C13D9-D754-4649-904E-4FF9BF8C37F8}.Debug|Any CPU.ActiveCfg = Debug|Any CPU
		{9A3C13D9-D754-4649-904E-4FF9BF8C37F8}.Debug|Any CPU.Build.0 = Debug|Any CPU
		{9A3C13D9-D754-4649-904E-4FF9BF8C37F8}.Debug|x86.ActiveCfg = Debug|Any CPU
		{9A3C13D9-D754-4649-904E-4FF9BF8C37F8}.Debug|x86.Build.0 = Debug|Any CPU
		{9A3C13D9-D754-4649-904E-4FF9BF8C37F8}.Release|Any CPU.ActiveCfg = Release|Any CPU
		{9A3C13D9-D754-4649-904E-4FF9BF8C37F8}.Release|Any CPU.Build.0 = Release|Any CPU
		{9A3C13D9-D754-4649-904E-4FF9BF8C37F8}.Release|x86.ActiveCfg = Release|x86
		{9A3C13D9-D754-4649-904E-4FF9BF8C37F8}.Release|x86.Build.0 = Release|x86
		{CBCD0073-7C7C-442A-9FD9-D571981C8D36}.Debug|Any CPU.ActiveCfg = Debug|Any CPU
		{CBCD0073-7C7C-442A-9FD9-D571981C8D36}.Debug|Any CPU.Build.0 = Debug|Any CPU
		{CBCD0073-7C7C-442A-9FD9-D571981C8D36}.Debug|x86.ActiveCfg = Debug|Any CPU
		{CBCD0073-7C7C-442A-9FD9-D571981C8D36}.Debug|x86.Build.0 = Debug|Any CPU
		{CBCD0073-7C7C-442A-9FD9-D571981C8D36}.Release|Any CPU.ActiveCfg = Release|Any CPU
		{CBCD0073-7C7C-442A-9FD9-D571981C8D36}.Release|Any CPU.Build.0 = Release|Any CPU
		{CBCD0073-7C7C-442A-9FD9-D571981C8D36}.Release|x86.ActiveCfg = Release|Any CPU
		{CBCD0073-7C7C-442A-9FD9-D571981C8D36}.Release|x86.Build.0 = Release|Any CPU
		{268C934C-9632-43BA-9EA8-8188C04BA139}.Debug|Any CPU.ActiveCfg = Debug|Any CPU
		{268C934C-9632-43BA-9EA8-8188C04BA139}.Debug|Any CPU.Build.0 = Debug|Any CPU
		{268C934C-9632-43BA-9EA8-8188C04BA139}.Debug|x86.ActiveCfg = Debug|Any CPU
		{268C934C-9632-43BA-9EA8-8188C04BA139}.Debug|x86.Build.0 = Debug|Any CPU
		{268C934C-9632-43BA-9EA8-8188C04BA139}.Release|Any CPU.ActiveCfg = Release|Any CPU
		{268C934C-9632-43BA-9EA8-8188C04BA139}.Release|Any CPU.Build.0 = Release|Any CPU
		{268C934C-9632-43BA-9EA8-8188C04BA139}.Release|x86.ActiveCfg = Release|Any CPU
		{268C934C-9632-43BA-9EA8-8188C04BA139}.Release|x86.Build.0 = Release|Any CPU
		{F7A78726-59D9-4E95-B12A-4223E6B30619}.Debug|Any CPU.ActiveCfg = Debug|Any CPU
		{F7A78726-59D9-4E95-B12A-4223E6B30619}.Debug|Any CPU.Build.0 = Debug|Any CPU
		{F7A78726-59D9-4E95-B12A-4223E6B30619}.Debug|x86.ActiveCfg = Debug|Any CPU
		{F7A78726-59D9-4E95-B12A-4223E6B30619}.Debug|x86.Build.0 = Debug|Any CPU
		{F7A78726-59D9-4E95-B12A-4223E6B30619}.Release|Any CPU.ActiveCfg = Release|Any CPU
		{F7A78726-59D9-4E95-B12A-4223E6B30619}.Release|Any CPU.Build.0 = Release|Any CPU
		{F7A78726-59D9-4E95-B12A-4223E6B30619}.Release|x86.ActiveCfg = Release|Any CPU
		{F7A78726-59D9-4E95-B12A-4223E6B30619}.Release|x86.Build.0 = Release|Any CPU
		{F98E7DFC-422E-4BC0-94AE-6A49255E9D8E}.Debug|Any CPU.ActiveCfg = Debug|Any CPU
		{F98E7DFC-422E-4BC0-94AE-6A49255E9D8E}.Debug|Any CPU.Build.0 = Debug|Any CPU
		{F98E7DFC-422E-4BC0-94AE-6A49255E9D8E}.Debug|x86.ActiveCfg = Debug|Any CPU
		{F98E7DFC-422E-4BC0-94AE-6A49255E9D8E}.Debug|x86.Build.0 = Debug|Any CPU
		{F98E7DFC-422E-4BC0-94AE-6A49255E9D8E}.Release|Any CPU.ActiveCfg = Release|Any CPU
		{F98E7DFC-422E-4BC0-94AE-6A49255E9D8E}.Release|Any CPU.Build.0 = Release|Any CPU
		{F98E7DFC-422E-4BC0-94AE-6A49255E9D8E}.Release|x86.ActiveCfg = Release|Any CPU
		{F98E7DFC-422E-4BC0-94AE-6A49255E9D8E}.Release|x86.Build.0 = Release|Any CPU
	EndGlobalSection
	GlobalSection(SolutionProperties) = preSolution
		HideSolutionNode = FALSE
	EndGlobalSection
	GlobalSection(NestedProjects) = preSolution
		{4B0BB9D6-0FD0-48CF-9256-6B42582D5F9F} = {CB6B2CF3-C2DF-430E-837A-9631713FFB79}
		{78BB37A6-7753-4586-A42F-39E591E1E229} = {CB6B2CF3-C2DF-430E-837A-9631713FFB79}
		{FF4665B7-A876-4B26-92C5-FEA3B5088D66} = {CB6B2CF3-C2DF-430E-837A-9631713FFB79}
		{3A7E234C-DA9A-45A1-8441-EF151B187D5A} = {CB6B2CF3-C2DF-430E-837A-9631713FFB79}
		{64077D2C-CB12-425A-8A62-3E8098CA4E72} = {CB6B2CF3-C2DF-430E-837A-9631713FFB79}
		{EEDCD73D-17B9-4604-A7C5-10667AF63E85} = {CB6B2CF3-C2DF-430E-837A-9631713FFB79}
		{07C1F2D4-A759-400A-8D3C-A605DCBAA9F0} = {CB6B2CF3-C2DF-430E-837A-9631713FFB79}
		{8B20E0D7-3D14-4631-95E3-6197B01153AD} = {CB6B2CF3-C2DF-430E-837A-9631713FFB79}
		{AFDA057F-94D1-4D68-85FB-31CA8EE131F7} = {CB6B2CF3-C2DF-430E-837A-9631713FFB79}
		{CA4FFD19-3751-41BE-97C8-B969B76836A5} = {CB6B2CF3-C2DF-430E-837A-9631713FFB79}
		{9E0A6CAB-3967-43C3-9E73-778638C1C770} = {CB6B2CF3-C2DF-430E-837A-9631713FFB79}
		{ABC11771-1BBB-4E11-A9C1-841620412F84} = {CB6B2CF3-C2DF-430E-837A-9631713FFB79}
		{0B0133B8-BFBC-4277-90E5-CEAEB4EAB2F7} = {CB6B2CF3-C2DF-430E-837A-9631713FFB79}
		{4655A31F-3C9D-4611-A9F2-65E0CAA2E447} = {CB6B2CF3-C2DF-430E-837A-9631713FFB79}
		{1BBFD14A-03AC-4A44-8040-FC21CA57CC2E} = {CB6B2CF3-C2DF-430E-837A-9631713FFB79}
		{FA1D45D1-49F1-4EED-A92D-877065FCDAC5} = {CB6B2CF3-C2DF-430E-837A-9631713FFB79}
		{6194BEE0-6FB0-4DFC-9FBB-A3D8F1F0E428} = {CB6B2CF3-C2DF-430E-837A-9631713FFB79}
		{C2ECC54E-8EFF-4BEC-A261-F5BD4B10EE47} = {CB6B2CF3-C2DF-430E-837A-9631713FFB79}
		{A07FECC2-EB06-4991-926D-5BC894C0397D} = {CB6B2CF3-C2DF-430E-837A-9631713FFB79}
		{CB3AB4BE-31CB-4258-94AE-8EEB26F049D6} = {CB6B2CF3-C2DF-430E-837A-9631713FFB79}
		{AB4A4C2F-8871-4C0C-928F-130F4248BC84} = {CB6B2CF3-C2DF-430E-837A-9631713FFB79}
		{9F25F725-1652-45D8-B8DD-CEFD74E37AC6} = {CB6B2CF3-C2DF-430E-837A-9631713FFB79}
		{52CA17A5-6161-4E46-831F-908E3B9FFD2C} = {CB6B2CF3-C2DF-430E-837A-9631713FFB79}
		{3276072B-31AE-44A9-BBA1-A09369B3539A} = {CB6B2CF3-C2DF-430E-837A-9631713FFB79}
		{25D82C5F-0F52-4EE4-AB75-6763208E0188} = {CB6B2CF3-C2DF-430E-837A-9631713FFB79}
		{EE95AEC2-DEE9-486B-92A6-790E31896097} = {CB6B2CF3-C2DF-430E-837A-9631713FFB79}
		{6CE53EE4-9056-42D7-A70A-46BB0559D3F9} = {CB6B2CF3-C2DF-430E-837A-9631713FFB79}
		{97573459-3A86-454A-A007-8FA18DACB264} = {CB6B2CF3-C2DF-430E-837A-9631713FFB79}
		{933377CF-A3BC-4608-AED2-AC3648B79BEF} = {CB6B2CF3-C2DF-430E-837A-9631713FFB79}
		{E6368963-DB62-442E-9E74-DAA71E2B100D} = {CB6B2CF3-C2DF-430E-837A-9631713FFB79}
		{02C212FA-08CE-46D5-9332-F1E16105A823} = {CB6B2CF3-C2DF-430E-837A-9631713FFB79}
		{72D2C8A9-9E86-45D0-8EBF-D108AB21B4D5} = {CB6B2CF3-C2DF-430E-837A-9631713FFB79}
		{1A02276C-98CF-40B9-BAB8-76A525688B0A} = {CB6B2CF3-C2DF-430E-837A-9631713FFB79}
		{6E5D4C5D-C001-4401-A746-0E507C7526ED} = {CB6B2CF3-C2DF-430E-837A-9631713FFB79}
		{EC574582-550F-4898-9CE4-D861A59C1AEE} = {CB6B2CF3-C2DF-430E-837A-9631713FFB79}
		{71C28B63-7D5A-46E3-B43C-AA79FD7A0CF7} = {CB6B2CF3-C2DF-430E-837A-9631713FFB79}
		{F74E93D6-5B73-46B3-AE98-21B25FFD34D4} = {CB6B2CF3-C2DF-430E-837A-9631713FFB79}
		{52D00DFF-0870-4DE8-8F92-63171EF77E01} = {CB6B2CF3-C2DF-430E-837A-9631713FFB79}
		{2A9B8FBD-4AF2-427F-8151-B3660ECEB4D2} = {CB6B2CF3-C2DF-430E-837A-9631713FFB79}
		{0836F21C-C7E8-43C9-9216-258723F3E653} = {CB6B2CF3-C2DF-430E-837A-9631713FFB79}
		{E9905961-C8A6-4E1D-9359-69D0AEEBD2A0} = {CB6B2CF3-C2DF-430E-837A-9631713FFB79}
		{8D753BEC-5E2A-4D75-96F1-581A8EA818D9} = {CB6B2CF3-C2DF-430E-837A-9631713FFB79}
		{734D276C-0A29-4869-AEA8-B32B75B7C85A} = {CB6B2CF3-C2DF-430E-837A-9631713FFB79}
		{1C2E9C8F-866F-4F4F-9788-C1E73D40FABC} = {CB6B2CF3-C2DF-430E-837A-9631713FFB79}
		{64A7DA2D-37CA-4147-AF65-DA8C5E21F295} = {CB6B2CF3-C2DF-430E-837A-9631713FFB79}
		{2F527867-C64A-4DC4-A659-32AEEC194410} = {CB6B2CF3-C2DF-430E-837A-9631713FFB79}
		{323D216E-B25E-4998-A3E7-1571FE32AAE6} = {CB6B2CF3-C2DF-430E-837A-9631713FFB79}
		{C238E9E4-6FC0-4E0F-A91D-05C16891FC60} = {CB6B2CF3-C2DF-430E-837A-9631713FFB79}
		{10DB21FB-B323-4316-AF35-BBA54AFEE836} = {CB6B2CF3-C2DF-430E-837A-9631713FFB79}
		{5F1226B3-82F5-44A7-AD8C-BAB1BD3D4235} = {CB6B2CF3-C2DF-430E-837A-9631713FFB79}
		{39E410EA-C91B-4A1B-8178-8D1B517F8192} = {CB6B2CF3-C2DF-430E-837A-9631713FFB79}
		{7E5F6A5B-CDCD-4CCB-9619-1EDBDFD7581C} = {CB6B2CF3-C2DF-430E-837A-9631713FFB79}
		{CC6A088F-8D82-459C-962E-4D61DD0B2B89} = {CB6B2CF3-C2DF-430E-837A-9631713FFB79}
		{FC7FF615-0BFB-4600-9F32-D7CAEBDFD9D2} = {CB6B2CF3-C2DF-430E-837A-9631713FFB79}
		{7FDF11E8-0F9F-4C56-B266-6FB37090D5B5} = {CB6B2CF3-C2DF-430E-837A-9631713FFB79}
		{493693DB-397A-46C5-B1BE-565903E7BED9} = {CB6B2CF3-C2DF-430E-837A-9631713FFB79}
		{AD33A4C3-7C5C-4A48-A684-477FB6567565} = {0C2FF8A8-9874-4F32-BE39-352671AF9416}
		{CDA4C320-04C3-4E6A-9521-59AA9B674F9B} = {0C2FF8A8-9874-4F32-BE39-352671AF9416}
		{F8390AF9-96E1-4068-95C1-6E42A35BF4D9} = {CDA4C320-04C3-4E6A-9521-59AA9B674F9B}
		{167533A6-2A3C-4E31-81F6-AFC8A889D63D} = {CDA4C320-04C3-4E6A-9521-59AA9B674F9B}
		{FB65C3AC-3270-4E93-B3A1-A0A101C76BD5} = {CDA4C320-04C3-4E6A-9521-59AA9B674F9B}
		{CA5F5909-7505-4F81-9BEE-F17F008B1D4D} = {CDA4C320-04C3-4E6A-9521-59AA9B674F9B}
		{9E07F30F-80F1-4D03-868C-443349A1C091} = {CDA4C320-04C3-4E6A-9521-59AA9B674F9B}
		{35265DCB-DD5C-4249-A6B3-D5E2577E05EE} = {CDA4C320-04C3-4E6A-9521-59AA9B674F9B}
		{28FBFD2C-9451-48D9-AD75-7D3D96C4C361} = {CDA4C320-04C3-4E6A-9521-59AA9B674F9B}
		{D8CD09D5-4F9C-4631-8B2B-7738B7816808} = {CDA4C320-04C3-4E6A-9521-59AA9B674F9B}
		{A3938EB2-9E9E-48A4-864E-810D962708A6} = {CDA4C320-04C3-4E6A-9521-59AA9B674F9B}
		{7884E337-F21A-4DD1-A6B8-524A11EA337B} = {CDA4C320-04C3-4E6A-9521-59AA9B674F9B}
		{1EA2F777-89B0-4CC9-9F21-DC7A14084245} = {CDA4C320-04C3-4E6A-9521-59AA9B674F9B}
		{8EAA73F6-DB79-406F-BDC5-3FD02B540559} = {CDA4C320-04C3-4E6A-9521-59AA9B674F9B}
		{88FBC86A-4FCF-4D18-A76E-4A9395382D62} = {CDA4C320-04C3-4E6A-9521-59AA9B674F9B}
		{E25E2B8D-EB4F-471D-A5AF-FCC0A1F3D44B} = {CDA4C320-04C3-4E6A-9521-59AA9B674F9B}
		{306F811F-9965-474E-B851-89E103602E5B} = {AD33A4C3-7C5C-4A48-A684-477FB6567565}
		{E774031F-D914-41CB-98A3-8F74DB518E53} = {306F811F-9965-474E-B851-89E103602E5B}
		{A34593EC-711C-4CF0-85CD-315BAFE20961} = {306F811F-9965-474E-B851-89E103602E5B}
		{8000D000-72E2-425C-A74D-379F2B1AEE01} = {306F811F-9965-474E-B851-89E103602E5B}
		{B4FA837B-821F-422D-B08D-E44892221602} = {AD33A4C3-7C5C-4A48-A684-477FB6567565}
		{A88CBC2F-D588-4D00-BB3B-C89C50B9465D} = {B4FA837B-821F-422D-B08D-E44892221602}
		{F9AAEA0D-5B69-4482-B396-F5C08D99B3B6} = {B4FA837B-821F-422D-B08D-E44892221602}
		{5DE0823D-1A18-43EF-B3EC-13C66D7DB927} = {B4FA837B-821F-422D-B08D-E44892221602}
		{6D816B6A-A8BD-4916-998B-77EED1BE5C95} = {B4FA837B-821F-422D-B08D-E44892221602}
		{4AFCF5B9-AA0F-43A8-942D-9C8F06D5052E} = {B4FA837B-821F-422D-B08D-E44892221602}
		{9786F822-8320-432A-B1CD-9416A4B4A14E} = {B4FA837B-821F-422D-B08D-E44892221602}
		{4A98C60B-FB27-4EE7-9D45-F481249E393C} = {B4FA837B-821F-422D-B08D-E44892221602}
		{805F9F9D-A958-4AA3-9BC7-020A47587C33} = {B4FA837B-821F-422D-B08D-E44892221602}
		{679D7C1A-793E-4526-8462-F9B9CC7C69AF} = {B4FA837B-821F-422D-B08D-E44892221602}
		{346F89CC-C4CA-4255-946C-06A1E5C716A0} = {AD33A4C3-7C5C-4A48-A684-477FB6567565}
		{77E14B98-FED6-4992-A8F8-F592B57E336B} = {346F89CC-C4CA-4255-946C-06A1E5C716A0}
		{22DA857F-C060-4E05-8FF5-A91129B89910} = {346F89CC-C4CA-4255-946C-06A1E5C716A0}
		{FE94815D-4A2B-4EC7-B1BB-D58DC722ABE0} = {346F89CC-C4CA-4255-946C-06A1E5C716A0}
		{B3FE2089-B9BC-45D5-AFDD-8521F7937066} = {346F89CC-C4CA-4255-946C-06A1E5C716A0}
		{7117417B-AAD2-4F2D-BF87-F36FD7665201} = {346F89CC-C4CA-4255-946C-06A1E5C716A0}
		{8C53DBFC-EC49-455F-814A-1AEC18C01E88} = {346F89CC-C4CA-4255-946C-06A1E5C716A0}
		{F155980D-2B36-4397-98A1-72CBB3A048FB} = {346F89CC-C4CA-4255-946C-06A1E5C716A0}
		{84C3A439-AF4A-440D-91D8-1BA1B2BEE8BA} = {346F89CC-C4CA-4255-946C-06A1E5C716A0}
		{D3FD7B5C-95D0-49D4-8CBD-CC949D3B2631} = {346F89CC-C4CA-4255-946C-06A1E5C716A0}
		{706E9519-6CB3-4BB7-839F-0650E865A601} = {346F89CC-C4CA-4255-946C-06A1E5C716A0}
		{AA698322-7C15-4728-A6D6-51BE5F7108BC} = {CB6B2CF3-C2DF-430E-837A-9631713FFB79}
		{9B8D4756-50DC-4FF4-8924-854EA130B0AC} = {CDA4C320-04C3-4E6A-9521-59AA9B674F9B}
		{7D3ED265-A2D2-4FBA-AE99-4CB433822BCD} = {CB6B2CF3-C2DF-430E-837A-9631713FFB79}
		{C301A951-323B-4241-8C76-B2B166254F7E} = {CB6B2CF3-C2DF-430E-837A-9631713FFB79}
		{C7D1A8D6-FA42-4D2F-8E2A-A5C9325277A7} = {CB6B2CF3-C2DF-430E-837A-9631713FFB79}
		{B4CE72B5-6ABA-46D2-8A5A-188C7B0C5012} = {CB6B2CF3-C2DF-430E-837A-9631713FFB79}
		{9A3C13D9-D754-4649-904E-4FF9BF8C37F8} = {CB6B2CF3-C2DF-430E-837A-9631713FFB79}
		{CBCD0073-7C7C-442A-9FD9-D571981C8D36} = {CB6B2CF3-C2DF-430E-837A-9631713FFB79}
		{268C934C-9632-43BA-9EA8-8188C04BA139} = {CB6B2CF3-C2DF-430E-837A-9631713FFB79}
		{F7A78726-59D9-4E95-B12A-4223E6B30619} = {CDA4C320-04C3-4E6A-9521-59AA9B674F9B}
		{F98E7DFC-422E-4BC0-94AE-6A49255E9D8E} = {CB6B2CF3-C2DF-430E-837A-9631713FFB79}
	EndGlobalSection
	GlobalSection(ExtensibilityGlobals) = postSolution
		SolutionGuid = {9F0434C4-E93B-4712-A84C-71EBB8721364}
	EndGlobalSection
EndGlobal
