
Microsoft Visual Studio Solution File, Format Version 12.00
# Visual Studio 14
VisualStudioVersion = 14.0.25420.1
MinimumVisualStudioVersion = 10.0.40219.1
Project("{F184B08F-C81C-45F6-A57F-5ABD9991F28F}") = "SPSClUpdate", "SPSClUpdate.vbproj", "{6A18925E-A205-4C12-981B-CDEF67060F0D}"
EndProject
Project("{F184B08F-C81C-45F6-A57F-5ABD9991F28F}") = "SPS.SYS.FTPUpdate", "SPS.SYS.FTPUpdate\SPS.SYS.FTPUpdate.vbproj", "{9B827301-AF19-4693-81A1-64C2BDAD391F}"
EndProject
Project("{6141683F-8A12-4E36-9623-2EB02B2C2303}") = "Updatesetup", "..\Updatesetup\Updatesetup.isproj", "{40502162-B7F3-410E-BC3A-17D1612939F2}"
EndProject
Project("{F184B08F-C81C-45F6-A57F-5ABD9991F28F}") = "CustomAction1", "..\CustomAction1\CustomAction1.vbproj", "{45DBE660-76DD-4FF4-9D56-A99F44EEEA2F}"
EndProject
Project("{F184B08F-C81C-45F6-A57F-5ABD9991F28F}") = "SPAutoNotification", "..\DLL Moduls\SPAutoNotification\SPAutoNotification\SPAutoNotification.vbproj", "{038CC904-E01F-428D-B8F6-88F13C6B5235}"
EndProject
Project("{F184B08F-C81C-45F6-A57F-5ABD9991F28F}") = "SPPVL_FileDownload", "..\DLL Moduls\Tools\SPPVL_FileDownload\WindowsApplication1\SPPVL_FileDownload.vbproj", "{735BA125-56B2-47CB-AEEB-240FCADF9364}"
EndProject
Global
	GlobalSection(SolutionConfigurationPlatforms) = preSolution
		CD_ROM|Any CPU = CD_ROM|Any CPU
		CD_ROM|x86 = CD_ROM|x86
		Debug|Any CPU = Debug|Any CPU
		Debug|x86 = Debug|x86
		DVD-5|Any CPU = DVD-5|Any CPU
		DVD-5|x86 = DVD-5|x86
		Release|Any CPU = Release|Any CPU
		Release|x86 = Release|x86
		SingleImage|Any CPU = SingleImage|Any CPU
		SingleImage|x86 = SingleImage|x86
	EndGlobalSection
	GlobalSection(ProjectConfigurationPlatforms) = postSolution
		{6A18925E-A205-4C12-981B-CDEF67060F0D}.CD_ROM|Any CPU.ActiveCfg = Release|Any CPU
		{6A18925E-A205-4C12-981B-CDEF67060F0D}.CD_ROM|Any CPU.Build.0 = Release|Any CPU
		{6A18925E-A205-4C12-981B-CDEF67060F0D}.CD_ROM|x86.ActiveCfg = Debug|Any CPU
		{6A18925E-A205-4C12-981B-CDEF67060F0D}.CD_ROM|x86.Build.0 = Debug|Any CPU
		{6A18925E-A205-4C12-981B-CDEF67060F0D}.Debug|Any CPU.ActiveCfg = Debug|Any CPU
		{6A18925E-A205-4C12-981B-CDEF67060F0D}.Debug|Any CPU.Build.0 = Debug|Any CPU
		{6A18925E-A205-4C12-981B-CDEF67060F0D}.Debug|x86.ActiveCfg = Debug|Any CPU
		{6A18925E-A205-4C12-981B-CDEF67060F0D}.Debug|x86.Build.0 = Debug|Any CPU
		{6A18925E-A205-4C12-981B-CDEF67060F0D}.DVD-5|Any CPU.ActiveCfg = Debug|Any CPU
		{6A18925E-A205-4C12-981B-CDEF67060F0D}.DVD-5|Any CPU.Build.0 = Debug|Any CPU
		{6A18925E-A205-4C12-981B-CDEF67060F0D}.DVD-5|x86.ActiveCfg = Debug|Any CPU
		{6A18925E-A205-4C12-981B-CDEF67060F0D}.DVD-5|x86.Build.0 = Debug|Any CPU
		{6A18925E-A205-4C12-981B-CDEF67060F0D}.Release|Any CPU.ActiveCfg = Release|Any CPU
		{6A18925E-A205-4C12-981B-CDEF67060F0D}.Release|Any CPU.Build.0 = Release|Any CPU
		{6A18925E-A205-4C12-981B-CDEF67060F0D}.Release|x86.ActiveCfg = Release|Any CPU
		{6A18925E-A205-4C12-981B-CDEF67060F0D}.Release|x86.Build.0 = Release|Any CPU
		{6A18925E-A205-4C12-981B-CDEF67060F0D}.SingleImage|Any CPU.ActiveCfg = Release|Any CPU
		{6A18925E-A205-4C12-981B-CDEF67060F0D}.SingleImage|Any CPU.Build.0 = Release|Any CPU
		{6A18925E-A205-4C12-981B-CDEF67060F0D}.SingleImage|x86.ActiveCfg = Debug|Any CPU
		{6A18925E-A205-4C12-981B-CDEF67060F0D}.SingleImage|x86.Build.0 = Debug|Any CPU
		{9B827301-AF19-4693-81A1-64C2BDAD391F}.CD_ROM|Any CPU.ActiveCfg = Release|Any CPU
		{9B827301-AF19-4693-81A1-64C2BDAD391F}.CD_ROM|Any CPU.Build.0 = Release|Any CPU
		{9B827301-AF19-4693-81A1-64C2BDAD391F}.CD_ROM|x86.ActiveCfg = Debug|Any CPU
		{9B827301-AF19-4693-81A1-64C2BDAD391F}.CD_ROM|x86.Build.0 = Debug|Any CPU
		{9B827301-AF19-4693-81A1-64C2BDAD391F}.Debug|Any CPU.ActiveCfg = Debug|Any CPU
		{9B827301-AF19-4693-81A1-64C2BDAD391F}.Debug|Any CPU.Build.0 = Debug|Any CPU
		{9B827301-AF19-4693-81A1-64C2BDAD391F}.Debug|x86.ActiveCfg = Debug|Any CPU
		{9B827301-AF19-4693-81A1-64C2BDAD391F}.Debug|x86.Build.0 = Debug|Any CPU
		{9B827301-AF19-4693-81A1-64C2BDAD391F}.DVD-5|Any CPU.ActiveCfg = Debug|Any CPU
		{9B827301-AF19-4693-81A1-64C2BDAD391F}.DVD-5|Any CPU.Build.0 = Debug|Any CPU
		{9B827301-AF19-4693-81A1-64C2BDAD391F}.DVD-5|x86.ActiveCfg = Debug|Any CPU
		{9B827301-AF19-4693-81A1-64C2BDAD391F}.DVD-5|x86.Build.0 = Debug|Any CPU
		{9B827301-AF19-4693-81A1-64C2BDAD391F}.Release|Any CPU.ActiveCfg = Release|Any CPU
		{9B827301-AF19-4693-81A1-64C2BDAD391F}.Release|Any CPU.Build.0 = Release|Any CPU
		{9B827301-AF19-4693-81A1-64C2BDAD391F}.Release|x86.ActiveCfg = Release|Any CPU
		{9B827301-AF19-4693-81A1-64C2BDAD391F}.Release|x86.Build.0 = Release|Any CPU
		{9B827301-AF19-4693-81A1-64C2BDAD391F}.SingleImage|Any CPU.ActiveCfg = Release|Any CPU
		{9B827301-AF19-4693-81A1-64C2BDAD391F}.SingleImage|Any CPU.Build.0 = Release|Any CPU
		{9B827301-AF19-4693-81A1-64C2BDAD391F}.SingleImage|x86.ActiveCfg = Debug|Any CPU
		{9B827301-AF19-4693-81A1-64C2BDAD391F}.SingleImage|x86.Build.0 = Debug|Any CPU
		{40502162-B7F3-410E-BC3A-17D1612939F2}.CD_ROM|Any CPU.ActiveCfg = CD_ROM
		{40502162-B7F3-410E-BC3A-17D1612939F2}.CD_ROM|Any CPU.Build.0 = CD_ROM
		{40502162-B7F3-410E-BC3A-17D1612939F2}.CD_ROM|x86.ActiveCfg = CD_ROM
		{40502162-B7F3-410E-BC3A-17D1612939F2}.CD_ROM|x86.Build.0 = CD_ROM
		{40502162-B7F3-410E-BC3A-17D1612939F2}.Debug|Any CPU.ActiveCfg = DVD-5
		{40502162-B7F3-410E-BC3A-17D1612939F2}.Debug|Any CPU.Build.0 = DVD-5
		{40502162-B7F3-410E-BC3A-17D1612939F2}.Debug|x86.ActiveCfg = DVD-5
		{40502162-B7F3-410E-BC3A-17D1612939F2}.Debug|x86.Build.0 = DVD-5
		{40502162-B7F3-410E-BC3A-17D1612939F2}.DVD-5|Any CPU.ActiveCfg = DVD-5
		{40502162-B7F3-410E-BC3A-17D1612939F2}.DVD-5|Any CPU.Build.0 = DVD-5
		{40502162-B7F3-410E-BC3A-17D1612939F2}.DVD-5|x86.ActiveCfg = DVD-5
		{40502162-B7F3-410E-BC3A-17D1612939F2}.DVD-5|x86.Build.0 = DVD-5
		{40502162-B7F3-410E-BC3A-17D1612939F2}.Release|Any CPU.ActiveCfg = SingleImage
		{40502162-B7F3-410E-BC3A-17D1612939F2}.Release|Any CPU.Build.0 = SingleImage
		{40502162-B7F3-410E-BC3A-17D1612939F2}.Release|x86.ActiveCfg = SingleImage
		{40502162-B7F3-410E-BC3A-17D1612939F2}.Release|x86.Build.0 = SingleImage
		{40502162-B7F3-410E-BC3A-17D1612939F2}.SingleImage|Any CPU.ActiveCfg = SingleImage
		{40502162-B7F3-410E-BC3A-17D1612939F2}.SingleImage|Any CPU.Build.0 = SingleImage
		{40502162-B7F3-410E-BC3A-17D1612939F2}.SingleImage|x86.ActiveCfg = SingleImage
		{40502162-B7F3-410E-BC3A-17D1612939F2}.SingleImage|x86.Build.0 = SingleImage
		{45DBE660-76DD-4FF4-9D56-A99F44EEEA2F}.CD_ROM|Any CPU.ActiveCfg = Release|x86
		{45DBE660-76DD-4FF4-9D56-A99F44EEEA2F}.CD_ROM|Any CPU.Build.0 = Release|x86
		{45DBE660-76DD-4FF4-9D56-A99F44EEEA2F}.CD_ROM|x86.ActiveCfg = Release|x86
		{45DBE660-76DD-4FF4-9D56-A99F44EEEA2F}.CD_ROM|x86.Build.0 = Release|x86
		{45DBE660-76DD-4FF4-9D56-A99F44EEEA2F}.Debug|Any CPU.ActiveCfg = Debug|x86
		{45DBE660-76DD-4FF4-9D56-A99F44EEEA2F}.Debug|x86.ActiveCfg = Debug|x86
		{45DBE660-76DD-4FF4-9D56-A99F44EEEA2F}.Debug|x86.Build.0 = Debug|x86
		{45DBE660-76DD-4FF4-9D56-A99F44EEEA2F}.DVD-5|Any CPU.ActiveCfg = Release|x86
		{45DBE660-76DD-4FF4-9D56-A99F44EEEA2F}.DVD-5|Any CPU.Build.0 = Release|x86
		{45DBE660-76DD-4FF4-9D56-A99F44EEEA2F}.DVD-5|x86.ActiveCfg = Debug|x86
		{45DBE660-76DD-4FF4-9D56-A99F44EEEA2F}.DVD-5|x86.Build.0 = Debug|x86
		{45DBE660-76DD-4FF4-9D56-A99F44EEEA2F}.Release|Any CPU.ActiveCfg = Release|x86
		{45DBE660-76DD-4FF4-9D56-A99F44EEEA2F}.Release|x86.ActiveCfg = Release|x86
		{45DBE660-76DD-4FF4-9D56-A99F44EEEA2F}.Release|x86.Build.0 = Release|x86
		{45DBE660-76DD-4FF4-9D56-A99F44EEEA2F}.SingleImage|Any CPU.ActiveCfg = Release|x86
		{45DBE660-76DD-4FF4-9D56-A99F44EEEA2F}.SingleImage|Any CPU.Build.0 = Release|x86
		{45DBE660-76DD-4FF4-9D56-A99F44EEEA2F}.SingleImage|x86.ActiveCfg = Release|x86
		{45DBE660-76DD-4FF4-9D56-A99F44EEEA2F}.SingleImage|x86.Build.0 = Release|x86
		{038CC904-E01F-428D-B8F6-88F13C6B5235}.CD_ROM|Any CPU.ActiveCfg = Release|Any CPU
		{038CC904-E01F-428D-B8F6-88F13C6B5235}.CD_ROM|Any CPU.Build.0 = Release|Any CPU
		{038CC904-E01F-428D-B8F6-88F13C6B5235}.CD_ROM|x86.ActiveCfg = Release|Any CPU
		{038CC904-E01F-428D-B8F6-88F13C6B5235}.CD_ROM|x86.Build.0 = Release|Any CPU
		{038CC904-E01F-428D-B8F6-88F13C6B5235}.Debug|Any CPU.ActiveCfg = Debug|Any CPU
		{038CC904-E01F-428D-B8F6-88F13C6B5235}.Debug|Any CPU.Build.0 = Debug|Any CPU
		{038CC904-E01F-428D-B8F6-88F13C6B5235}.Debug|x86.ActiveCfg = Debug|Any CPU
		{038CC904-E01F-428D-B8F6-88F13C6B5235}.Debug|x86.Build.0 = Debug|Any CPU
		{038CC904-E01F-428D-B8F6-88F13C6B5235}.DVD-5|Any CPU.ActiveCfg = Debug|Any CPU
		{038CC904-E01F-428D-B8F6-88F13C6B5235}.DVD-5|Any CPU.Build.0 = Debug|Any CPU
		{038CC904-E01F-428D-B8F6-88F13C6B5235}.DVD-5|x86.ActiveCfg = Debug|Any CPU
		{038CC904-E01F-428D-B8F6-88F13C6B5235}.DVD-5|x86.Build.0 = Debug|Any CPU
		{038CC904-E01F-428D-B8F6-88F13C6B5235}.Release|Any CPU.ActiveCfg = Release|Any CPU
		{038CC904-E01F-428D-B8F6-88F13C6B5235}.Release|Any CPU.Build.0 = Release|Any CPU
		{038CC904-E01F-428D-B8F6-88F13C6B5235}.Release|x86.ActiveCfg = Release|Any CPU
		{038CC904-E01F-428D-B8F6-88F13C6B5235}.Release|x86.Build.0 = Release|Any CPU
		{038CC904-E01F-428D-B8F6-88F13C6B5235}.SingleImage|Any CPU.ActiveCfg = Release|Any CPU
		{038CC904-E01F-428D-B8F6-88F13C6B5235}.SingleImage|Any CPU.Build.0 = Release|Any CPU
		{038CC904-E01F-428D-B8F6-88F13C6B5235}.SingleImage|x86.ActiveCfg = Release|Any CPU
		{038CC904-E01F-428D-B8F6-88F13C6B5235}.SingleImage|x86.Build.0 = Release|Any CPU
		{735BA125-56B2-47CB-AEEB-240FCADF9364}.CD_ROM|Any CPU.ActiveCfg = Release|Any CPU
		{735BA125-56B2-47CB-AEEB-240FCADF9364}.CD_ROM|Any CPU.Build.0 = Release|Any CPU
		{735BA125-56B2-47CB-AEEB-240FCADF9364}.CD_ROM|x86.ActiveCfg = Release|x86
		{735BA125-56B2-47CB-AEEB-240FCADF9364}.CD_ROM|x86.Build.0 = Release|x86
		{735BA125-56B2-47CB-AEEB-240FCADF9364}.Debug|Any CPU.ActiveCfg = Debug|Any CPU
		{735BA125-56B2-47CB-AEEB-240FCADF9364}.Debug|Any CPU.Build.0 = Debug|Any CPU
		{735BA125-56B2-47CB-AEEB-240FCADF9364}.Debug|x86.ActiveCfg = Debug|x86
		{735BA125-56B2-47CB-AEEB-240FCADF9364}.Debug|x86.Build.0 = Debug|x86
		{735BA125-56B2-47CB-AEEB-240FCADF9364}.DVD-5|Any CPU.ActiveCfg = Debug|Any CPU
		{735BA125-56B2-47CB-AEEB-240FCADF9364}.DVD-5|Any CPU.Build.0 = Debug|Any CPU
		{735BA125-56B2-47CB-AEEB-240FCADF9364}.DVD-5|x86.ActiveCfg = Debug|x86
		{735BA125-56B2-47CB-AEEB-240FCADF9364}.DVD-5|x86.Build.0 = Debug|x86
		{735BA125-56B2-47CB-AEEB-240FCADF9364}.Release|Any CPU.ActiveCfg = Release|Any CPU
		{735BA125-56B2-47CB-AEEB-240FCADF9364}.Release|Any CPU.Build.0 = Release|Any CPU
		{735BA125-56B2-47CB-AEEB-240FCADF9364}.Release|x86.ActiveCfg = Release|x86
		{735BA125-56B2-47CB-AEEB-240FCADF9364}.Release|x86.Build.0 = Release|x86
		{735BA125-56B2-47CB-AEEB-240FCADF9364}.SingleImage|Any CPU.ActiveCfg = Release|Any CPU
		{735BA125-56B2-47CB-AEEB-240FCADF9364}.SingleImage|Any CPU.Build.0 = Release|Any CPU
		{735BA125-56B2-47CB-AEEB-240FCADF9364}.SingleImage|x86.ActiveCfg = Release|x86
		{735BA125-56B2-47CB-AEEB-240FCADF9364}.SingleImage|x86.Build.0 = Release|x86
	EndGlobalSection
	GlobalSection(SolutionProperties) = preSolution
		HideSolutionNode = FALSE
	EndGlobalSection
	GlobalSection(TeamFoundationVersionControl) = preSolution
		SccNumberOfProjects = 7
		SccEnterpriseProvider = {4CA58AB2-18FA-4F8D-95D4-32DDF27D184C}
		SccTeamFoundationServer = http://spbl04:8080/tfs/defaultcollection
		SccLocalPath0 = .
		SccProjectUniqueName1 = SPSClUpdate.vbproj
		SccLocalPath1 = .
		SccProjectUniqueName2 = SPS.SYS.FTPUpdate\\SPS.SYS.FTPUpdate.vbproj
		SccProjectName2 = SPS.SYS.FTPUpdate
		SccLocalPath2 = SPS.SYS.FTPUpdate
		SccProjectUniqueName3 = ..\\Updatesetup\\Updatesetup.isproj
		SccProjectName3 = ../Updatesetup
		SccLocalPath3 = ..\\Updatesetup
		SccProjectUniqueName4 = ..\\CustomAction1\\CustomAction1.vbproj
		SccProjectName4 = ../CustomAction1
		SccLocalPath4 = ..\\CustomAction1
		SccProjectUniqueName5 = ..\\DLL\u0020Moduls\\SPAutoNotification\\SPAutoNotification\\SPAutoNotification.vbproj
		SccProjectName5 = ../DLL\u0020Moduls/SPAutoNotification/SPAutoNotification
		SccLocalPath5 = ..\\DLL\u0020Moduls\\SPAutoNotification\\SPAutoNotification
		SccProjectUniqueName6 = ..\\DLL\u0020Moduls\\Tools\\SPPVL_FileDownload\\WindowsApplication1\\SPPVL_FileDownload.vbproj
		SccProjectName6 = ../DLL\u0020Moduls/Tools/SPPVL_FileDownload/WindowsApplication1
		SccLocalPath6 = ..\\DLL\u0020Moduls\\Tools\\SPPVL_FileDownload\\WindowsApplication1
	EndGlobalSection
EndGlobal
